// !$*UTF8*$!
{
	archiveVersion = 1;
	classes = {
	};
	objectVersion = 46;
	objects = {

/* Begin PBXBuildFile section */
		1AC6FB1F180E996B004C840B /* libbox2d Mac.a in Frameworks */ = {isa = PBXBuildFile; fileRef = 1AC6FAFF180E9839004C840B /* libbox2d Mac.a */; };
		1AC6FB20180E996B004C840B /* libchipmunk Mac.a in Frameworks */ = {isa = PBXBuildFile; fileRef = 1AC6FAFD180E9839004C840B /* libchipmunk Mac.a */; };
		1AC6FB21180E996B004C840B /* libcocos2dx Mac.a in Frameworks */ = {isa = PBXBuildFile; fileRef = 1AC6FAF9180E9839004C840B /* libcocos2dx Mac.a */; };
		1AC6FB22180E996B004C840B /* libcocos2dx-extensions Mac.a in Frameworks */ = {isa = PBXBuildFile; fileRef = 1AC6FAFB180E9839004C840B /* libcocos2dx-extensions Mac.a */; };
		1AC6FB23180E996B004C840B /* libCocosDenshion Mac.a in Frameworks */ = {isa = PBXBuildFile; fileRef = 1AC6FB01180E9839004C840B /* libCocosDenshion Mac.a */; };
		1AC6FB2E180E99EB004C840B /* libbox2d iOS.a in Frameworks */ = {isa = PBXBuildFile; fileRef = 1AC6FB0D180E9839004C840B /* libbox2d iOS.a */; };
		1AC6FB2F180E99EB004C840B /* libchipmunk iOS.a in Frameworks */ = {isa = PBXBuildFile; fileRef = 1AC6FB0B180E9839004C840B /* libchipmunk iOS.a */; };
		1AC6FB30180E99EB004C840B /* libcocos2dx iOS.a in Frameworks */ = {isa = PBXBuildFile; fileRef = 1AC6FB07180E9839004C840B /* libcocos2dx iOS.a */; };
		1AC6FB31180E99EB004C840B /* libcocos2dx-extensions iOS.a in Frameworks */ = {isa = PBXBuildFile; fileRef = 1AC6FB09180E9839004C840B /* libcocos2dx-extensions iOS.a */; };
		1AC6FB32180E99EB004C840B /* libCocosDenshion iOS.a in Frameworks */ = {isa = PBXBuildFile; fileRef = 1AC6FB0F180E9839004C840B /* libCocosDenshion iOS.a */; };
		1AFAF8B716D35DE700DB1158 /* AppDelegate.cpp in Sources */ = {isa = PBXBuildFile; fileRef = 1AFAF8B316D35DE700DB1158 /* AppDelegate.cpp */; };
		1AFAF8B816D35DE700DB1158 /* TitleScene.cpp in Sources */ = {isa = PBXBuildFile; fileRef = 1AFAF8B516D35DE700DB1158 /* TitleScene.cpp */; };
		1D60589F0D05DD5A006BFB54 /* Foundation.framework in Frameworks */ = {isa = PBXBuildFile; fileRef = 1D30AB110D05D00D00671497 /* Foundation.framework */; };
		1DF5F4E00D08C38300B7A737 /* UIKit.framework in Frameworks */ = {isa = PBXBuildFile; fileRef = 1DF5F4DF0D08C38300B7A737 /* UIKit.framework */; };
		288765A50DF7441C002DB57D /* CoreGraphics.framework in Frameworks */ = {isa = PBXBuildFile; fileRef = 288765A40DF7441C002DB57D /* CoreGraphics.framework */; };
		503AE0F817EB97AB00D1A890 /* Icon.icns in Resources */ = {isa = PBXBuildFile; fileRef = 503AE0F617EB97AB00D1A890 /* Icon.icns */; };
		503AE10017EB989F00D1A890 /* AppController.mm in Sources */ = {isa = PBXBuildFile; fileRef = 503AE0FB17EB989F00D1A890 /* AppController.mm */; };
		503AE10117EB989F00D1A890 /* main.m in Sources */ = {isa = PBXBuildFile; fileRef = 503AE0FC17EB989F00D1A890 /* main.m */; };
		503AE10217EB989F00D1A890 /* RootViewController.mm in Sources */ = {isa = PBXBuildFile; fileRef = 503AE0FF17EB989F00D1A890 /* RootViewController.mm */; };
		503AE10517EB98FF00D1A890 /* main.cpp in Sources */ = {isa = PBXBuildFile; fileRef = 503AE10317EB98FF00D1A890 /* main.cpp */; };
		503AE11217EB99EE00D1A890 /* libcurl.dylib in Frameworks */ = {isa = PBXBuildFile; fileRef = 503AE11117EB99EE00D1A890 /* libcurl.dylib */; };
		503AE11B17EB9C5A00D1A890 /* IOKit.framework in Frameworks */ = {isa = PBXBuildFile; fileRef = 503AE11A17EB9C5A00D1A890 /* IOKit.framework */; };
		5087E75717EB910900C73F5D /* AppDelegate.cpp in Sources */ = {isa = PBXBuildFile; fileRef = 1AFAF8B316D35DE700DB1158 /* AppDelegate.cpp */; };
		5087E75817EB910900C73F5D /* TitleScene.cpp in Sources */ = {isa = PBXBuildFile; fileRef = 1AFAF8B516D35DE700DB1158 /* TitleScene.cpp */; };
		5087E76317EB910900C73F5D /* Foundation.framework in Frameworks */ = {isa = PBXBuildFile; fileRef = 1D30AB110D05D00D00671497 /* Foundation.framework */; };
		5087E76517EB910900C73F5D /* CoreGraphics.framework in Frameworks */ = {isa = PBXBuildFile; fileRef = 288765A40DF7441C002DB57D /* CoreGraphics.framework */; };
		5087E76717EB910900C73F5D /* libz.dylib in Frameworks */ = {isa = PBXBuildFile; fileRef = BF170DB412928DE900B8313A /* libz.dylib */; };
		5087E76817EB910900C73F5D /* QuartzCore.framework in Frameworks */ = {isa = PBXBuildFile; fileRef = BF1C47EA1293683800B63C5D /* QuartzCore.framework */; };
		5087E76917EB910900C73F5D /* OpenAL.framework in Frameworks */ = {isa = PBXBuildFile; fileRef = D44C620B132DFF330009C878 /* OpenAL.framework */; };
		5087E76A17EB910900C73F5D /* AVFoundation.framework in Frameworks */ = {isa = PBXBuildFile; fileRef = D44C620D132DFF430009C878 /* AVFoundation.framework */; };
		5087E76B17EB910900C73F5D /* AudioToolbox.framework in Frameworks */ = {isa = PBXBuildFile; fileRef = D44C620F132DFF4E0009C878 /* AudioToolbox.framework */; };
		5087E77D17EB970100C73F5D /* Default-568h@2x.png in Resources */ = {isa = PBXBuildFile; fileRef = 5087E77217EB970100C73F5D /* Default-568h@2x.png */; };
		5087E77E17EB970100C73F5D /* Default.png in Resources */ = {isa = PBXBuildFile; fileRef = 5087E77317EB970100C73F5D /* Default.png */; };
		5087E77F17EB970100C73F5D /* Default@2x.png in Resources */ = {isa = PBXBuildFile; fileRef = 5087E77417EB970100C73F5D /* Default@2x.png */; };
		5087E78017EB970100C73F5D /* Icon-114.png in Resources */ = {isa = PBXBuildFile; fileRef = 5087E77517EB970100C73F5D /* Icon-114.png */; };
		5087E78117EB970100C73F5D /* Icon-120.png in Resources */ = {isa = PBXBuildFile; fileRef = 5087E77617EB970100C73F5D /* Icon-120.png */; };
		5087E78217EB970100C73F5D /* Icon-144.png in Resources */ = {isa = PBXBuildFile; fileRef = 5087E77717EB970100C73F5D /* Icon-144.png */; };
		5087E78317EB970100C73F5D /* Icon-152.png in Resources */ = {isa = PBXBuildFile; fileRef = 5087E77817EB970100C73F5D /* Icon-152.png */; };
		5087E78417EB970100C73F5D /* Icon-57.png in Resources */ = {isa = PBXBuildFile; fileRef = 5087E77917EB970100C73F5D /* Icon-57.png */; };
		5087E78517EB970100C73F5D /* Icon-72.png in Resources */ = {isa = PBXBuildFile; fileRef = 5087E77A17EB970100C73F5D /* Icon-72.png */; };
		5087E78617EB970100C73F5D /* Icon-76.png in Resources */ = {isa = PBXBuildFile; fileRef = 5087E77B17EB970100C73F5D /* Icon-76.png */; };
		5087E78917EB974C00C73F5D /* AppKit.framework in Frameworks */ = {isa = PBXBuildFile; fileRef = 5087E78817EB974C00C73F5D /* AppKit.framework */; };
		5087E78B17EB975400C73F5D /* OpenGL.framework in Frameworks */ = {isa = PBXBuildFile; fileRef = 5087E78A17EB975400C73F5D /* OpenGL.framework */; };
		50EF629617ECD46A001EB2F8 /* Icon-40.png in Resources */ = {isa = PBXBuildFile; fileRef = 50EF629217ECD46A001EB2F8 /* Icon-40.png */; };
		50EF629717ECD46A001EB2F8 /* Icon-58.png in Resources */ = {isa = PBXBuildFile; fileRef = 50EF629317ECD46A001EB2F8 /* Icon-58.png */; };
		50EF629817ECD46A001EB2F8 /* Icon-80.png in Resources */ = {isa = PBXBuildFile; fileRef = 50EF629417ECD46A001EB2F8 /* Icon-80.png */; };
		50EF629917ECD46A001EB2F8 /* Icon-100.png in Resources */ = {isa = PBXBuildFile; fileRef = 50EF629517ECD46A001EB2F8 /* Icon-100.png */; };
		50EF62A217ECD613001EB2F8 /* Icon-29.png in Resources */ = {isa = PBXBuildFile; fileRef = 50EF62A017ECD613001EB2F8 /* Icon-29.png */; };
		50EF62A317ECD613001EB2F8 /* Icon-50.png in Resources */ = {isa = PBXBuildFile; fileRef = 50EF62A117ECD613001EB2F8 /* Icon-50.png */; };
		A4A378FF1A28B29700CA54AA /* Social.framework in Frameworks */ = {isa = PBXBuildFile; fileRef = A4A378FE1A28B29700CA54AA /* Social.framework */; };
		A4A379031A28BA0F00CA54AA /* twitterBt.png in Resources */ = {isa = PBXBuildFile; fileRef = A4A379021A28BA0F00CA54AA /* twitterBt.png */; };
		A4A501291A134465007F9771 /* yajirusi.png in Resources */ = {isa = PBXBuildFile; fileRef = A4A501281A134465007F9771 /* yajirusi.png */; };
		A4A5012E1A1488E7007F9771 /* bgmShelling.mp3 in Resources */ = {isa = PBXBuildFile; fileRef = A4A5012D1A1488E6007F9771 /* bgmShelling.mp3 */; };
		A4A501301A14938F007F9771 /* decision7.mp3 in Resources */ = {isa = PBXBuildFile; fileRef = A4A5012F1A14938F007F9771 /* decision7.mp3 */; };
		A4A501321A1493A1007F9771 /* cursor1.mp3 in Resources */ = {isa = PBXBuildFile; fileRef = A4A501311A1493A1007F9771 /* cursor1.mp3 */; };
		A4A501341A149DBA007F9771 /* Images.xcassets in Resources */ = {isa = PBXBuildFile; fileRef = A4A501331A149DBA007F9771 /* Images.xcassets */; };
		A4A501351A14B854007F9771 /* KodomoRounded.otf in Resources */ = {isa = PBXBuildFile; fileRef = A4B29E431A0BA82400FA9E42 /* KodomoRounded.otf */; };
		A4A5013A1A14C04D007F9771 /* GameCenterBridge.mm in Sources */ = {isa = PBXBuildFile; fileRef = A4A501371A14C04D007F9771 /* GameCenterBridge.mm */; };
		A4A5013B1A14C04D007F9771 /* GameCenterObjC.m in Sources */ = {isa = PBXBuildFile; fileRef = A4A501391A14C04D007F9771 /* GameCenterObjC.m */; };
		A4A5013D1A14C2F4007F9771 /* GameKit.framework in Frameworks */ = {isa = PBXBuildFile; fileRef = A4A5013C1A14C2F4007F9771 /* GameKit.framework */; };
		A4A501461A14CB95007F9771 /* libNendAd.a in Frameworks */ = {isa = PBXBuildFile; fileRef = A4A5013F1A14CB95007F9771 /* libNendAd.a */; };
		A4A501471A14CB95007F9771 /* NADView_readme.txt in Resources */ = {isa = PBXBuildFile; fileRef = A4A501451A14CB95007F9771 /* NADView_readme.txt */; };
		A4A501491A14CBE3007F9771 /* AdSupport.framework in Frameworks */ = {isa = PBXBuildFile; fileRef = A4A501481A14CBE3007F9771 /* AdSupport.framework */; settings = {ATTRIBUTES = (Weak, ); }; };
		A4A5014B1A14CC0F007F9771 /* Security.framework in Frameworks */ = {isa = PBXBuildFile; fileRef = A4A5014A1A14CC0F007F9771 /* Security.framework */; };
		A4A5014D1A14CC1E007F9771 /* ImageIO.framework in Frameworks */ = {isa = PBXBuildFile; fileRef = A4A5014C1A14CC1E007F9771 /* ImageIO.framework */; };
		A4A501601A14D106007F9771 /* NendIconModule.mm in Sources */ = {isa = PBXBuildFile; fileRef = A4A5015D1A14D106007F9771 /* NendIconModule.mm */; };
		A4A501611A14D106007F9771 /* NendInterstitialModule.mm in Sources */ = {isa = PBXBuildFile; fileRef = A4A5015E1A14D106007F9771 /* NendInterstitialModule.mm */; };
		A4A501621A14D106007F9771 /* NendModule.mm in Sources */ = {isa = PBXBuildFile; fileRef = A4A5015F1A14D106007F9771 /* NendModule.mm */; };
		A4B29E141A02140C00FA9E42 /* greenBall.png in Resources */ = {isa = PBXBuildFile; fileRef = A4B29E0D1A02140C00FA9E42 /* greenBall.png */; };
		A4B29E151A02140C00FA9E42 /* aquaBall.png in Resources */ = {isa = PBXBuildFile; fileRef = A4B29E0E1A02140C00FA9E42 /* aquaBall.png */; };
		A4B29E161A02140C00FA9E42 /* whiteBall.png in Resources */ = {isa = PBXBuildFile; fileRef = A4B29E0F1A02140C00FA9E42 /* whiteBall.png */; };
		A4B29E171A02140C00FA9E42 /* yellowBall.png in Resources */ = {isa = PBXBuildFile; fileRef = A4B29E101A02140C00FA9E42 /* yellowBall.png */; };
		A4B29E181A02140C00FA9E42 /* blueBall.png in Resources */ = {isa = PBXBuildFile; fileRef = A4B29E111A02140C00FA9E42 /* blueBall.png */; };
		A4B29E191A02140C00FA9E42 /* redBall.png in Resources */ = {isa = PBXBuildFile; fileRef = A4B29E121A02140C00FA9E42 /* redBall.png */; };
		A4B29E1A1A02140C00FA9E42 /* purpleBall.png in Resources */ = {isa = PBXBuildFile; fileRef = A4B29E131A02140C00FA9E42 /* purpleBall.png */; };
		A4B29E1C1A021C5600FA9E42 /* RGB.png in Resources */ = {isa = PBXBuildFile; fileRef = A4B29E1B1A021C5600FA9E42 /* RGB.png */; };
		A4B29E1E1A022A1300FA9E42 /* player.png in Resources */ = {isa = PBXBuildFile; fileRef = A4B29E1D1A022A1300FA9E42 /* player.png */; };
		A4B29E201A08F65700FA9E42 /* ring.png in Resources */ = {isa = PBXBuildFile; fileRef = A4B29E1F1A08F65600FA9E42 /* ring.png */; };
		A4B29E281A08FE5F00FA9E42 /* aquaRing.png in Resources */ = {isa = PBXBuildFile; fileRef = A4B29E211A08FE5F00FA9E42 /* aquaRing.png */; };
		A4B29E291A08FE5F00FA9E42 /* purpleRing.png in Resources */ = {isa = PBXBuildFile; fileRef = A4B29E221A08FE5F00FA9E42 /* purpleRing.png */; };
		A4B29E2A1A08FE5F00FA9E42 /* redRing.png in Resources */ = {isa = PBXBuildFile; fileRef = A4B29E231A08FE5F00FA9E42 /* redRing.png */; };
		A4B29E2C1A08FE5F00FA9E42 /* greenRing.png in Resources */ = {isa = PBXBuildFile; fileRef = A4B29E251A08FE5F00FA9E42 /* greenRing.png */; };
		A4B29E2D1A08FE5F00FA9E42 /* whiteRing.png in Resources */ = {isa = PBXBuildFile; fileRef = A4B29E261A08FE5F00FA9E42 /* whiteRing.png */; };
		A4B29E2E1A08FE5F00FA9E42 /* yellowRing.png in Resources */ = {isa = PBXBuildFile; fileRef = A4B29E271A08FE5F00FA9E42 /* yellowRing.png */; };
		A4B29E341A09021300FA9E42 /* blueRing.png in Resources */ = {isa = PBXBuildFile; fileRef = A4B29E331A09021300FA9E42 /* blueRing.png */; };
		A4B29E3E1A0B878600FA9E42 /* tutorialBt.png in Resources */ = {isa = PBXBuildFile; fileRef = A4B29E3B1A0B878600FA9E42 /* tutorialBt.png */; };
		A4B29E3F1A0B878600FA9E42 /* startBt.png in Resources */ = {isa = PBXBuildFile; fileRef = A4B29E3C1A0B878600FA9E42 /* startBt.png */; };
		A4B29E401A0B878600FA9E42 /* rankingBt.png in Resources */ = {isa = PBXBuildFile; fileRef = A4B29E3D1A0B878600FA9E42 /* rankingBt.png */; };
		A4B29E421A0B88A900FA9E42 /* titleRing.png in Resources */ = {isa = PBXBuildFile; fileRef = A4B29E411A0B88A900FA9E42 /* titleRing.png */; };
		A4B29E451A0CACE700FA9E42 /* homeBt.png in Resources */ = {isa = PBXBuildFile; fileRef = A4B29E441A0CACE700FA9E42 /* homeBt.png */; };
		A4B29E471A0CACED00FA9E42 /* retryBt.png in Resources */ = {isa = PBXBuildFile; fileRef = A4B29E461A0CACED00FA9E42 /* retryBt.png */; };
		A4C4FE041A173D6600BA3DC8 /* appc_cutin2_base_down@2x.png in Resources */ = {isa = PBXBuildFile; fileRef = A4C4FDD11A173D6600BA3DC8 /* appc_cutin2_base_down@2x.png */; };
		A4C4FE051A173D6600BA3DC8 /* appc_cutin2_base_up@2x.png in Resources */ = {isa = PBXBuildFile; fileRef = A4C4FDD21A173D6600BA3DC8 /* appc_cutin2_base_up@2x.png */; };
		A4C4FE061A173D6600BA3DC8 /* appc_cutin2_btn_moreapp@2x.png in Resources */ = {isa = PBXBuildFile; fileRef = A4C4FDD31A173D6600BA3DC8 /* appc_cutin2_btn_moreapp@2x.png */; };
		A4C4FE071A173D6600BA3DC8 /* appc_cutin2_close@2x.png in Resources */ = {isa = PBXBuildFile; fileRef = A4C4FDD41A173D6600BA3DC8 /* appc_cutin2_close@2x.png */; };
		A4C4FE081A173D6600BA3DC8 /* appc_cutin2_icon_bg@2x.png in Resources */ = {isa = PBXBuildFile; fileRef = A4C4FDD51A173D6600BA3DC8 /* appc_cutin2_icon_bg@2x.png */; };
		A4C4FE091A173D6600BA3DC8 /* appc_cutin_btn_inst@2x.png in Resources */ = {isa = PBXBuildFile; fileRef = A4C4FDD61A173D6600BA3DC8 /* appc_cutin_btn_inst@2x.png */; };
		A4C4FE0A1A173D6600BA3DC8 /* appc_cutin_btn_inst_on@2x.png in Resources */ = {isa = PBXBuildFile; fileRef = A4C4FDD71A173D6600BA3DC8 /* appc_cutin_btn_inst_on@2x.png */; };
		A4C4FE0B1A173D6600BA3DC8 /* appc_cutin_btn_other@2x.png in Resources */ = {isa = PBXBuildFile; fileRef = A4C4FDD81A173D6600BA3DC8 /* appc_cutin_btn_other@2x.png */; };
		A4C4FE0C1A173D6600BA3DC8 /* appc_cutin_btn_other_on@2x.png in Resources */ = {isa = PBXBuildFile; fileRef = A4C4FDD91A173D6600BA3DC8 /* appc_cutin_btn_other_on@2x.png */; };
		A4C4FE0D1A173D6600BA3DC8 /* appc_cutin_close@2x.png in Resources */ = {isa = PBXBuildFile; fileRef = A4C4FDDA1A173D6600BA3DC8 /* appc_cutin_close@2x.png */; };
		A4C4FE0E1A173D6600BA3DC8 /* appc_cutin_free@2x.png in Resources */ = {isa = PBXBuildFile; fileRef = A4C4FDDB1A173D6600BA3DC8 /* appc_cutin_free@2x.png */; };
		A4C4FE0F1A173D6600BA3DC8 /* appc_cutin_under@2x.png in Resources */ = {isa = PBXBuildFile; fileRef = A4C4FDDC1A173D6600BA3DC8 /* appc_cutin_under@2x.png */; };
		A4C4FE101A173D6600BA3DC8 /* appc_cutin_upper@2x.png in Resources */ = {isa = PBXBuildFile; fileRef = A4C4FDDD1A173D6600BA3DC8 /* appc_cutin_upper@2x.png */; };
		A4C4FE111A173D6600BA3DC8 /* appc_game_logo@2x.png in Resources */ = {isa = PBXBuildFile; fileRef = A4C4FDDE1A173D6600BA3DC8 /* appc_game_logo@2x.png */; };
		A4C4FE121A173D6600BA3DC8 /* appc_manga_background@2x.png in Resources */ = {isa = PBXBuildFile; fileRef = A4C4FDDF1A173D6600BA3DC8 /* appc_manga_background@2x.png */; };
		A4C4FE131A173D6600BA3DC8 /* appc_manga_close@2x.png in Resources */ = {isa = PBXBuildFile; fileRef = A4C4FDE01A173D6600BA3DC8 /* appc_manga_close@2x.png */; };
		A4C4FE141A173D6600BA3DC8 /* appc_manga_footer@2x.png in Resources */ = {isa = PBXBuildFile; fileRef = A4C4FDE11A173D6600BA3DC8 /* appc_manga_footer@2x.png */; };
		A4C4FE151A173D6600BA3DC8 /* appc_manga_gr_white_bottom@2x.png in Resources */ = {isa = PBXBuildFile; fileRef = A4C4FDE21A173D6600BA3DC8 /* appc_manga_gr_white_bottom@2x.png */; };
		A4C4FE161A173D6600BA3DC8 /* appc_manga_gr_white_top@2x.png in Resources */ = {isa = PBXBuildFile; fileRef = A4C4FDE31A173D6600BA3DC8 /* appc_manga_gr_white_top@2x.png */; };
		A4C4FE171A173D6600BA3DC8 /* appc_manga_logo@2x.png in Resources */ = {isa = PBXBuildFile; fileRef = A4C4FDE41A173D6600BA3DC8 /* appc_manga_logo@2x.png */; };
		A4C4FE181A173D6600BA3DC8 /* appc_manga_vectol@2x.png in Resources */ = {isa = PBXBuildFile; fileRef = A4C4FDE51A173D6600BA3DC8 /* appc_manga_vectol@2x.png */; };
		A4C4FE191A173D6600BA3DC8 /* appc_marquee_bg@2x.png in Resources */ = {isa = PBXBuildFile; fileRef = A4C4FDE61A173D6600BA3DC8 /* appc_marquee_bg@2x.png */; };
		A4C4FE1A1A173D6600BA3DC8 /* appc_marquee_btn@2x.png in Resources */ = {isa = PBXBuildFile; fileRef = A4C4FDE71A173D6600BA3DC8 /* appc_marquee_btn@2x.png */; };
		A4C4FE1B1A173D6600BA3DC8 /* appc_marquee_new@2x.png in Resources */ = {isa = PBXBuildFile; fileRef = A4C4FDE81A173D6600BA3DC8 /* appc_marquee_new@2x.png */; };
		A4C4FE1C1A173D6600BA3DC8 /* appc_micon_bg_pattern@2x.png in Resources */ = {isa = PBXBuildFile; fileRef = A4C4FDE91A173D6600BA3DC8 /* appc_micon_bg_pattern@2x.png */; };
		A4C4FE1D1A173D6600BA3DC8 /* appc_micon_box_shadow@2x.png in Resources */ = {isa = PBXBuildFile; fileRef = A4C4FDEA1A173D6600BA3DC8 /* appc_micon_box_shadow@2x.png */; };
		A4C4FE1E1A173D6600BA3DC8 /* appc_simple_app_pushed@2x.png in Resources */ = {isa = PBXBuildFile; fileRef = A4C4FDEB1A173D6600BA3DC8 /* appc_simple_app_pushed@2x.png */; };
		A4C4FE1F1A173D6600BA3DC8 /* appc_simple_bg@2x.png in Resources */ = {isa = PBXBuildFile; fileRef = A4C4FDEC1A173D6600BA3DC8 /* appc_simple_bg@2x.png */; };
		A4C4FE201A173D6600BA3DC8 /* appc_simple_left_vector@2x.png in Resources */ = {isa = PBXBuildFile; fileRef = A4C4FDED1A173D6600BA3DC8 /* appc_simple_left_vector@2x.png */; };
		A4C4FE211A173D6600BA3DC8 /* appc_simple_right_vector@2x.png in Resources */ = {isa = PBXBuildFile; fileRef = A4C4FDEE1A173D6600BA3DC8 /* appc_simple_right_vector@2x.png */; };
		A4C4FE221A173D6600BA3DC8 /* appc_web_close@2x.png in Resources */ = {isa = PBXBuildFile; fileRef = A4C4FDEF1A173D6600BA3DC8 /* appc_web_close@2x.png */; };
		A4C4FE231A173D6600BA3DC8 /* appcc_banner_default.png in Resources */ = {isa = PBXBuildFile; fileRef = A4C4FDF11A173D6600BA3DC8 /* appcc_banner_default.png */; };
		A4C4FE241A173D6600BA3DC8 /* appcc_cutin2_noapp_icon@2x.png in Resources */ = {isa = PBXBuildFile; fileRef = A4C4FDF21A173D6600BA3DC8 /* appcc_cutin2_noapp_icon@2x.png */; };
		A4C4FE251A173D6600BA3DC8 /* appcc_micon_webview_icon@2x.png in Resources */ = {isa = PBXBuildFile; fileRef = A4C4FDF31A173D6600BA3DC8 /* appcc_micon_webview_icon@2x.png */; };
		A4C4FE261A173D6600BA3DC8 /* appcc_simple_appc_icon@2x.png in Resources */ = {isa = PBXBuildFile; fileRef = A4C4FDF41A173D6600BA3DC8 /* appcc_simple_appc_icon@2x.png */; };
		A4C4FE271A173D6600BA3DC8 /* appcc_web_splash_cayto.png in Resources */ = {isa = PBXBuildFile; fileRef = A4C4FDF51A173D6600BA3DC8 /* appcc_web_splash_cayto.png */; };
		A4C4FE281A173D6600BA3DC8 /* appcc_web_splash_cayto2.png in Resources */ = {isa = PBXBuildFile; fileRef = A4C4FDF61A173D6600BA3DC8 /* appcc_web_splash_cayto2.png */; };
		A4C4FE291A173D6600BA3DC8 /* appcc_web_splash_logo.png in Resources */ = {isa = PBXBuildFile; fileRef = A4C4FDF71A173D6600BA3DC8 /* appcc_web_splash_logo.png */; };
		A4C4FE2A1A173D6600BA3DC8 /* appcc_web_splash_logo2.gif in Resources */ = {isa = PBXBuildFile; fileRef = A4C4FDF81A173D6600BA3DC8 /* appcc_web_splash_logo2.gif */; };
		A4C4FE2B1A173D6600BA3DC8 /* libappCCloud.a in Frameworks */ = {isa = PBXBuildFile; fileRef = A4C4FE031A173D6600BA3DC8 /* libappCCloud.a */; };
		A4C4FE2F1A173D7D00BA3DC8 /* AppCCloudPlugin.cpp in Sources */ = {isa = PBXBuildFile; fileRef = A4C4FE2C1A173D7D00BA3DC8 /* AppCCloudPlugin.cpp */; };
		A4C4FE301A173D7D00BA3DC8 /* AppCCloudPlugin.mm in Sources */ = {isa = PBXBuildFile; fileRef = A4C4FE2E1A173D7D00BA3DC8 /* AppCCloudPlugin.mm */; };
		A4C4FE331A173E5700BA3DC8 /* CoreTelephony.framework in Frameworks */ = {isa = PBXBuildFile; fileRef = A4C4FE321A173E5700BA3DC8 /* CoreTelephony.framework */; };
		A4C4FE371A173E6000BA3DC8 /* StoreKit.framework in Frameworks */ = {isa = PBXBuildFile; fileRef = A4C4FE361A173E6000BA3DC8 /* StoreKit.framework */; };
		A4C4FE3D1A17406C00BA3DC8 /* shelling_icon_1024.png in Resources */ = {isa = PBXBuildFile; fileRef = A4C4FE3C1A17406C00BA3DC8 /* shelling_icon_1024.png */; };
		A4C4FE3F1A17523400BA3DC8 /* other.png in Resources */ = {isa = PBXBuildFile; fileRef = A4C4FE3E1A17523400BA3DC8 /* other.png */; };
		A4E69C5E1A13245000EBF5D3 /* TutorialScene.cpp in Sources */ = {isa = PBXBuildFile; fileRef = A4E69C5C1A13245000EBF5D3 /* TutorialScene.cpp */; };
		BF171245129291EC00B8313A /* OpenGLES.framework in Frameworks */ = {isa = PBXBuildFile; fileRef = BF170DB012928DE900B8313A /* OpenGLES.framework */; };
		BF1712471292920000B8313A /* libz.dylib in Frameworks */ = {isa = PBXBuildFile; fileRef = BF170DB412928DE900B8313A /* libz.dylib */; };
		BF1C47F01293687400B63C5D /* QuartzCore.framework in Frameworks */ = {isa = PBXBuildFile; fileRef = BF1C47EA1293683800B63C5D /* QuartzCore.framework */; };
		D44C620C132DFF330009C878 /* OpenAL.framework in Frameworks */ = {isa = PBXBuildFile; fileRef = D44C620B132DFF330009C878 /* OpenAL.framework */; };
		D44C620E132DFF430009C878 /* AVFoundation.framework in Frameworks */ = {isa = PBXBuildFile; fileRef = D44C620D132DFF430009C878 /* AVFoundation.framework */; };
		D44C6210132DFF4E0009C878 /* AudioToolbox.framework in Frameworks */ = {isa = PBXBuildFile; fileRef = D44C620F132DFF4E0009C878 /* AudioToolbox.framework */; };
		D6B0611B1803AB670077942B /* CoreMotion.framework in Frameworks */ = {isa = PBXBuildFile; fileRef = D6B0611A1803AB670077942B /* CoreMotion.framework */; };
/* End PBXBuildFile section */

/* Begin PBXContainerItemProxy section */
		1AC6FAF8180E9839004C840B /* PBXContainerItemProxy */ = {
			isa = PBXContainerItemProxy;
			containerPortal = 1AC6FAE5180E9839004C840B /* cocos2d_libs.xcodeproj */;
			proxyType = 2;
			remoteGlobalIDString = 1551A33F158F2AB200E66CFE;
			remoteInfo = "cocos2dx Mac";
		};
		1AC6FAFA180E9839004C840B /* PBXContainerItemProxy */ = {
			isa = PBXContainerItemProxy;
			containerPortal = 1AC6FAE5180E9839004C840B /* cocos2d_libs.xcodeproj */;
			proxyType = 2;
			remoteGlobalIDString = A03F2FD617814595006731B9;
			remoteInfo = "cocos2dx-extensions Mac";
		};
		1AC6FAFC180E9839004C840B /* PBXContainerItemProxy */ = {
			isa = PBXContainerItemProxy;
			containerPortal = 1AC6FAE5180E9839004C840B /* cocos2d_libs.xcodeproj */;
			proxyType = 2;
			remoteGlobalIDString = A03F2CB81780BD04006731B9;
			remoteInfo = "chipmunk Mac";
		};
		1AC6FAFE180E9839004C840B /* PBXContainerItemProxy */ = {
			isa = PBXContainerItemProxy;
			containerPortal = 1AC6FAE5180E9839004C840B /* cocos2d_libs.xcodeproj */;
			proxyType = 2;
			remoteGlobalIDString = A03F2D9B1780BDF7006731B9;
			remoteInfo = "box2d Mac";
		};
		1AC6FB00180E9839004C840B /* PBXContainerItemProxy */ = {
			isa = PBXContainerItemProxy;
			containerPortal = 1AC6FAE5180E9839004C840B /* cocos2d_libs.xcodeproj */;
			proxyType = 2;
			remoteGlobalIDString = A03F2ED617814268006731B9;
			remoteInfo = "CocosDenshion Mac";
		};
		1AC6FB06180E9839004C840B /* PBXContainerItemProxy */ = {
			isa = PBXContainerItemProxy;
			containerPortal = 1AC6FAE5180E9839004C840B /* cocos2d_libs.xcodeproj */;
			proxyType = 2;
			remoteGlobalIDString = A07A4D641783777C0073F6A7;
			remoteInfo = "cocos2dx iOS";
		};
		1AC6FB08180E9839004C840B /* PBXContainerItemProxy */ = {
			isa = PBXContainerItemProxy;
			containerPortal = 1AC6FAE5180E9839004C840B /* cocos2d_libs.xcodeproj */;
			proxyType = 2;
			remoteGlobalIDString = A07A4EFC1783867C0073F6A7;
			remoteInfo = "cocos2dx-extensions iOS";
		};
		1AC6FB0A180E9839004C840B /* PBXContainerItemProxy */ = {
			isa = PBXContainerItemProxy;
			containerPortal = 1AC6FAE5180E9839004C840B /* cocos2d_libs.xcodeproj */;
			proxyType = 2;
			remoteGlobalIDString = A07A4F3B178387670073F6A7;
			remoteInfo = "chipmunk iOS";
		};
		1AC6FB0C180E9839004C840B /* PBXContainerItemProxy */ = {
			isa = PBXContainerItemProxy;
			containerPortal = 1AC6FAE5180E9839004C840B /* cocos2d_libs.xcodeproj */;
			proxyType = 2;
			remoteGlobalIDString = A07A4F9E1783876B0073F6A7;
			remoteInfo = "box2d iOS";
		};
		1AC6FB0E180E9839004C840B /* PBXContainerItemProxy */ = {
			isa = PBXContainerItemProxy;
			containerPortal = 1AC6FAE5180E9839004C840B /* cocos2d_libs.xcodeproj */;
			proxyType = 2;
			remoteGlobalIDString = A07A4FB4178387730073F6A7;
			remoteInfo = "CocosDenshion iOS";
		};
		1AC6FB15180E9959004C840B /* PBXContainerItemProxy */ = {
			isa = PBXContainerItemProxy;
			containerPortal = 1AC6FAE5180E9839004C840B /* cocos2d_libs.xcodeproj */;
			proxyType = 1;
			remoteGlobalIDString = 1551A33E158F2AB200E66CFE;
			remoteInfo = "cocos2dx Mac";
		};
		1AC6FB17180E9959004C840B /* PBXContainerItemProxy */ = {
			isa = PBXContainerItemProxy;
			containerPortal = 1AC6FAE5180E9839004C840B /* cocos2d_libs.xcodeproj */;
			proxyType = 1;
			remoteGlobalIDString = A03F2FC117814595006731B9;
			remoteInfo = "cocos2dx-extensions Mac";
		};
		1AC6FB19180E9959004C840B /* PBXContainerItemProxy */ = {
			isa = PBXContainerItemProxy;
			containerPortal = 1AC6FAE5180E9839004C840B /* cocos2d_libs.xcodeproj */;
			proxyType = 1;
			remoteGlobalIDString = A03F2B781780BD04006731B9;
			remoteInfo = "chipmunk Mac";
		};
		1AC6FB1B180E9959004C840B /* PBXContainerItemProxy */ = {
			isa = PBXContainerItemProxy;
			containerPortal = 1AC6FAE5180E9839004C840B /* cocos2d_libs.xcodeproj */;
			proxyType = 1;
			remoteGlobalIDString = A03F2E9817814268006731B9;
			remoteInfo = "CocosDenshion Mac";
		};
		1AC6FB1D180E9963004C840B /* PBXContainerItemProxy */ = {
			isa = PBXContainerItemProxy;
			containerPortal = 1AC6FAE5180E9839004C840B /* cocos2d_libs.xcodeproj */;
			proxyType = 1;
			remoteGlobalIDString = A03F2D5D1780BDF7006731B9;
			remoteInfo = "box2d Mac";
		};
		1AC6FB24180E99E1004C840B /* PBXContainerItemProxy */ = {
			isa = PBXContainerItemProxy;
			containerPortal = 1AC6FAE5180E9839004C840B /* cocos2d_libs.xcodeproj */;
			proxyType = 1;
			remoteGlobalIDString = A07A4C241783777C0073F6A7;
			remoteInfo = "cocos2dx iOS";
		};
		1AC6FB26180E99E1004C840B /* PBXContainerItemProxy */ = {
			isa = PBXContainerItemProxy;
			containerPortal = 1AC6FAE5180E9839004C840B /* cocos2d_libs.xcodeproj */;
			proxyType = 1;
			remoteGlobalIDString = A07A4E111783867C0073F6A7;
			remoteInfo = "cocos2dx-extensions iOS";
		};
		1AC6FB28180E99E1004C840B /* PBXContainerItemProxy */ = {
			isa = PBXContainerItemProxy;
			containerPortal = 1AC6FAE5180E9839004C840B /* cocos2d_libs.xcodeproj */;
			proxyType = 1;
			remoteGlobalIDString = A07A4EFD178387670073F6A7;
			remoteInfo = "chipmunk iOS";
		};
		1AC6FB2A180E99E1004C840B /* PBXContainerItemProxy */ = {
			isa = PBXContainerItemProxy;
			containerPortal = 1AC6FAE5180E9839004C840B /* cocos2d_libs.xcodeproj */;
			proxyType = 1;
			remoteGlobalIDString = A07A4F3C1783876B0073F6A7;
			remoteInfo = "box2d iOS";
		};
		1AC6FB2C180E99E1004C840B /* PBXContainerItemProxy */ = {
			isa = PBXContainerItemProxy;
			containerPortal = 1AC6FAE5180E9839004C840B /* cocos2d_libs.xcodeproj */;
			proxyType = 1;
			remoteGlobalIDString = A07A4F9F178387730073F6A7;
			remoteInfo = "CocosDenshion iOS";
		};
/* End PBXContainerItemProxy section */

/* Begin PBXFileReference section */
		1AC6FAE5180E9839004C840B /* cocos2d_libs.xcodeproj */ = {isa = PBXFileReference; lastKnownFileType = "wrapper.pb-project"; name = cocos2d_libs.xcodeproj; path = ../cocos2d/build/cocos2d_libs.xcodeproj; sourceTree = "<group>"; };
		1ACB3243164770DE00914215 /* libcurl.a */ = {isa = PBXFileReference; lastKnownFileType = archive.ar; name = libcurl.a; path = ../../cocos2dx/platform/third_party/ios/libraries/libcurl.a; sourceTree = "<group>"; };
		1AFAF8B316D35DE700DB1158 /* AppDelegate.cpp */ = {isa = PBXFileReference; fileEncoding = 4; lastKnownFileType = sourcecode.cpp.cpp; name = AppDelegate.cpp; path = ../Classes/AppDelegate.cpp; sourceTree = "<group>"; };
		1AFAF8B416D35DE700DB1158 /* AppDelegate.h */ = {isa = PBXFileReference; fileEncoding = 4; lastKnownFileType = sourcecode.c.h; name = AppDelegate.h; path = ../Classes/AppDelegate.h; sourceTree = "<group>"; };
		1AFAF8B516D35DE700DB1158 /* TitleScene.cpp */ = {isa = PBXFileReference; fileEncoding = 4; lastKnownFileType = sourcecode.cpp.cpp; name = TitleScene.cpp; path = ../Classes/TitleScene.cpp; sourceTree = "<group>"; };
		1AFAF8B616D35DE700DB1158 /* TitleScene.h */ = {isa = PBXFileReference; fileEncoding = 4; lastKnownFileType = sourcecode.c.h; name = TitleScene.h; path = ../Classes/TitleScene.h; sourceTree = "<group>"; };
		1D30AB110D05D00D00671497 /* Foundation.framework */ = {isa = PBXFileReference; lastKnownFileType = wrapper.framework; name = Foundation.framework; path = System/Library/Frameworks/Foundation.framework; sourceTree = SDKROOT; };
		1D6058910D05DD3D006BFB54 /* Shelling iOS.app */ = {isa = PBXFileReference; explicitFileType = wrapper.application; includeInIndex = 0; path = "Shelling iOS.app"; sourceTree = BUILT_PRODUCTS_DIR; };
		1DF5F4DF0D08C38300B7A737 /* UIKit.framework */ = {isa = PBXFileReference; lastKnownFileType = wrapper.framework; name = UIKit.framework; path = System/Library/Frameworks/UIKit.framework; sourceTree = SDKROOT; };
		288765A40DF7441C002DB57D /* CoreGraphics.framework */ = {isa = PBXFileReference; lastKnownFileType = wrapper.framework; name = CoreGraphics.framework; path = System/Library/Frameworks/CoreGraphics.framework; sourceTree = SDKROOT; };
		503AE0F617EB97AB00D1A890 /* Icon.icns */ = {isa = PBXFileReference; lastKnownFileType = image.icns; path = Icon.icns; sourceTree = "<group>"; };
		503AE0F717EB97AB00D1A890 /* Info.plist */ = {isa = PBXFileReference; fileEncoding = 4; lastKnownFileType = text.plist.xml; path = Info.plist; sourceTree = "<group>"; };
		503AE0FA17EB989F00D1A890 /* AppController.h */ = {isa = PBXFileReference; fileEncoding = 4; lastKnownFileType = sourcecode.c.h; name = AppController.h; path = ios/AppController.h; sourceTree = SOURCE_ROOT; };
		503AE0FB17EB989F00D1A890 /* AppController.mm */ = {isa = PBXFileReference; fileEncoding = 4; lastKnownFileType = sourcecode.cpp.objcpp; name = AppController.mm; path = ios/AppController.mm; sourceTree = SOURCE_ROOT; };
		503AE0FC17EB989F00D1A890 /* main.m */ = {isa = PBXFileReference; fileEncoding = 4; lastKnownFileType = sourcecode.c.objc; name = main.m; path = ios/main.m; sourceTree = SOURCE_ROOT; };
		503AE0FD17EB989F00D1A890 /* Prefix.pch */ = {isa = PBXFileReference; fileEncoding = 4; lastKnownFileType = sourcecode.c.h; name = Prefix.pch; path = ios/Prefix.pch; sourceTree = SOURCE_ROOT; };
		503AE0FE17EB989F00D1A890 /* RootViewController.h */ = {isa = PBXFileReference; fileEncoding = 4; lastKnownFileType = sourcecode.c.h; name = RootViewController.h; path = ios/RootViewController.h; sourceTree = SOURCE_ROOT; };
		503AE0FF17EB989F00D1A890 /* RootViewController.mm */ = {isa = PBXFileReference; fileEncoding = 4; lastKnownFileType = sourcecode.cpp.objcpp; name = RootViewController.mm; path = ios/RootViewController.mm; sourceTree = SOURCE_ROOT; };
		503AE10317EB98FF00D1A890 /* main.cpp */ = {isa = PBXFileReference; fileEncoding = 4; lastKnownFileType = sourcecode.cpp.cpp; name = main.cpp; path = mac/main.cpp; sourceTree = "<group>"; };
		503AE10417EB98FF00D1A890 /* Prefix.pch */ = {isa = PBXFileReference; fileEncoding = 4; lastKnownFileType = sourcecode.c.h; name = Prefix.pch; path = mac/Prefix.pch; sourceTree = "<group>"; };
		503AE11117EB99EE00D1A890 /* libcurl.dylib */ = {isa = PBXFileReference; lastKnownFileType = "compiled.mach-o.dylib"; name = libcurl.dylib; path = usr/lib/libcurl.dylib; sourceTree = SDKROOT; };
		503AE11A17EB9C5A00D1A890 /* IOKit.framework */ = {isa = PBXFileReference; lastKnownFileType = wrapper.framework; name = IOKit.framework; path = System/Library/Frameworks/IOKit.framework; sourceTree = SDKROOT; };
		5087E76F17EB910900C73F5D /* Shelling Mac.app */ = {isa = PBXFileReference; explicitFileType = wrapper.application; includeInIndex = 0; path = "Shelling Mac.app"; sourceTree = BUILT_PRODUCTS_DIR; };
		5087E77217EB970100C73F5D /* Default-568h@2x.png */ = {isa = PBXFileReference; lastKnownFileType = image.png; path = "Default-568h@2x.png"; sourceTree = "<group>"; };
		5087E77317EB970100C73F5D /* Default.png */ = {isa = PBXFileReference; lastKnownFileType = image.png; path = Default.png; sourceTree = "<group>"; };
		5087E77417EB970100C73F5D /* Default@2x.png */ = {isa = PBXFileReference; lastKnownFileType = image.png; path = "Default@2x.png"; sourceTree = "<group>"; };
		5087E77517EB970100C73F5D /* Icon-114.png */ = {isa = PBXFileReference; lastKnownFileType = image.png; path = "Icon-114.png"; sourceTree = "<group>"; };
		5087E77617EB970100C73F5D /* Icon-120.png */ = {isa = PBXFileReference; lastKnownFileType = image.png; path = "Icon-120.png"; sourceTree = "<group>"; };
		5087E77717EB970100C73F5D /* Icon-144.png */ = {isa = PBXFileReference; lastKnownFileType = image.png; path = "Icon-144.png"; sourceTree = "<group>"; };
		5087E77817EB970100C73F5D /* Icon-152.png */ = {isa = PBXFileReference; lastKnownFileType = image.png; path = "Icon-152.png"; sourceTree = "<group>"; };
		5087E77917EB970100C73F5D /* Icon-57.png */ = {isa = PBXFileReference; lastKnownFileType = image.png; path = "Icon-57.png"; sourceTree = "<group>"; };
		5087E77A17EB970100C73F5D /* Icon-72.png */ = {isa = PBXFileReference; lastKnownFileType = image.png; path = "Icon-72.png"; sourceTree = "<group>"; };
		5087E77B17EB970100C73F5D /* Icon-76.png */ = {isa = PBXFileReference; lastKnownFileType = image.png; path = "Icon-76.png"; sourceTree = "<group>"; };
		5087E77C17EB970100C73F5D /* Info.plist */ = {isa = PBXFileReference; fileEncoding = 4; lastKnownFileType = text.plist.xml; path = Info.plist; sourceTree = "<group>"; };
		5087E78817EB974C00C73F5D /* AppKit.framework */ = {isa = PBXFileReference; lastKnownFileType = wrapper.framework; name = AppKit.framework; path = System/Library/Frameworks/AppKit.framework; sourceTree = SDKROOT; };
		5087E78A17EB975400C73F5D /* OpenGL.framework */ = {isa = PBXFileReference; lastKnownFileType = wrapper.framework; name = OpenGL.framework; path = System/Library/Frameworks/OpenGL.framework; sourceTree = SDKROOT; };
		50EF629217ECD46A001EB2F8 /* Icon-40.png */ = {isa = PBXFileReference; lastKnownFileType = image.png; path = "Icon-40.png"; sourceTree = "<group>"; };
		50EF629317ECD46A001EB2F8 /* Icon-58.png */ = {isa = PBXFileReference; lastKnownFileType = image.png; path = "Icon-58.png"; sourceTree = "<group>"; };
		50EF629417ECD46A001EB2F8 /* Icon-80.png */ = {isa = PBXFileReference; lastKnownFileType = image.png; path = "Icon-80.png"; sourceTree = "<group>"; };
		50EF629517ECD46A001EB2F8 /* Icon-100.png */ = {isa = PBXFileReference; lastKnownFileType = image.png; path = "Icon-100.png"; sourceTree = "<group>"; };
		50EF62A017ECD613001EB2F8 /* Icon-29.png */ = {isa = PBXFileReference; lastKnownFileType = image.png; path = "Icon-29.png"; sourceTree = "<group>"; };
		50EF62A117ECD613001EB2F8 /* Icon-50.png */ = {isa = PBXFileReference; lastKnownFileType = image.png; path = "Icon-50.png"; sourceTree = "<group>"; };
		A4A378FE1A28B29700CA54AA /* Social.framework */ = {isa = PBXFileReference; lastKnownFileType = wrapper.framework; name = Social.framework; path = Platforms/iPhoneOS.platform/Developer/SDKs/iPhoneOS8.1.sdk/System/Library/Frameworks/Social.framework; sourceTree = DEVELOPER_DIR; };
		A4A379021A28BA0F00CA54AA /* twitterBt.png */ = {isa = PBXFileReference; lastKnownFileType = image.png; path = twitterBt.png; sourceTree = "<group>"; };
		A4A501281A134465007F9771 /* yajirusi.png */ = {isa = PBXFileReference; lastKnownFileType = image.png; path = yajirusi.png; sourceTree = "<group>"; };
		A4A5012D1A1488E6007F9771 /* bgmShelling.mp3 */ = {isa = PBXFileReference; lastKnownFileType = audio.mp3; path = bgmShelling.mp3; sourceTree = "<group>"; };
		A4A5012F1A14938F007F9771 /* decision7.mp3 */ = {isa = PBXFileReference; lastKnownFileType = audio.mp3; path = decision7.mp3; sourceTree = "<group>"; };
		A4A501311A1493A1007F9771 /* cursor1.mp3 */ = {isa = PBXFileReference; lastKnownFileType = audio.mp3; path = cursor1.mp3; sourceTree = "<group>"; };
		A4A501331A149DBA007F9771 /* Images.xcassets */ = {isa = PBXFileReference; lastKnownFileType = folder.assetcatalog; name = Images.xcassets; path = "Shelling iOS/Images.xcassets"; sourceTree = SOURCE_ROOT; };
		A4A501361A14C04D007F9771 /* GameCenterBridge.h */ = {isa = PBXFileReference; fileEncoding = 4; lastKnownFileType = sourcecode.c.h; path = GameCenterBridge.h; sourceTree = "<group>"; };
		A4A501371A14C04D007F9771 /* GameCenterBridge.mm */ = {isa = PBXFileReference; fileEncoding = 4; lastKnownFileType = sourcecode.cpp.objcpp; path = GameCenterBridge.mm; sourceTree = "<group>"; };
		A4A501381A14C04D007F9771 /* GameCenterObjC.h */ = {isa = PBXFileReference; fileEncoding = 4; lastKnownFileType = sourcecode.c.h; path = GameCenterObjC.h; sourceTree = "<group>"; };
		A4A501391A14C04D007F9771 /* GameCenterObjC.m */ = {isa = PBXFileReference; fileEncoding = 4; lastKnownFileType = sourcecode.c.objc; path = GameCenterObjC.m; sourceTree = "<group>"; };
		A4A5013C1A14C2F4007F9771 /* GameKit.framework */ = {isa = PBXFileReference; lastKnownFileType = wrapper.framework; name = GameKit.framework; path = Platforms/iPhoneOS.platform/Developer/SDKs/iPhoneOS8.1.sdk/System/Library/Frameworks/GameKit.framework; sourceTree = DEVELOPER_DIR; };
		A4A5013F1A14CB95007F9771 /* libNendAd.a */ = {isa = PBXFileReference; lastKnownFileType = archive.ar; path = libNendAd.a; sourceTree = "<group>"; };
		A4A501401A14CB95007F9771 /* NADIconArrayView.h */ = {isa = PBXFileReference; fileEncoding = 4; lastKnownFileType = sourcecode.c.h; path = NADIconArrayView.h; sourceTree = "<group>"; };
		A4A501411A14CB95007F9771 /* NADIconLoader.h */ = {isa = PBXFileReference; fileEncoding = 4; lastKnownFileType = sourcecode.c.h; path = NADIconLoader.h; sourceTree = "<group>"; };
		A4A501421A14CB95007F9771 /* NADIconView.h */ = {isa = PBXFileReference; fileEncoding = 4; lastKnownFileType = sourcecode.c.h; path = NADIconView.h; sourceTree = "<group>"; };
		A4A501431A14CB95007F9771 /* NADInterstitial.h */ = {isa = PBXFileReference; fileEncoding = 4; lastKnownFileType = sourcecode.c.h; path = NADInterstitial.h; sourceTree = "<group>"; };
		A4A501441A14CB95007F9771 /* NADView.h */ = {isa = PBXFileReference; fileEncoding = 4; lastKnownFileType = sourcecode.c.h; path = NADView.h; sourceTree = "<group>"; };
		A4A501451A14CB95007F9771 /* NADView_readme.txt */ = {isa = PBXFileReference; fileEncoding = 4; lastKnownFileType = text; path = NADView_readme.txt; sourceTree = "<group>"; };
		A4A501481A14CBE3007F9771 /* AdSupport.framework */ = {isa = PBXFileReference; lastKnownFileType = wrapper.framework; name = AdSupport.framework; path = Platforms/iPhoneOS.platform/Developer/SDKs/iPhoneOS8.1.sdk/System/Library/Frameworks/AdSupport.framework; sourceTree = DEVELOPER_DIR; };
		A4A5014A1A14CC0F007F9771 /* Security.framework */ = {isa = PBXFileReference; lastKnownFileType = wrapper.framework; name = Security.framework; path = Platforms/iPhoneOS.platform/Developer/SDKs/iPhoneOS8.1.sdk/System/Library/Frameworks/Security.framework; sourceTree = DEVELOPER_DIR; };
		A4A5014C1A14CC1E007F9771 /* ImageIO.framework */ = {isa = PBXFileReference; lastKnownFileType = wrapper.framework; name = ImageIO.framework; path = Platforms/iPhoneOS.platform/Developer/SDKs/iPhoneOS8.1.sdk/System/Library/Frameworks/ImageIO.framework; sourceTree = DEVELOPER_DIR; };
		A4A5014E1A14D07A007F9771 /* NendIconModule.h */ = {isa = PBXFileReference; fileEncoding = 4; lastKnownFileType = sourcecode.c.h; path = NendIconModule.h; sourceTree = "<group>"; };
		A4A5014F1A14D07A007F9771 /* NendInterstitialModule.h */ = {isa = PBXFileReference; fileEncoding = 4; lastKnownFileType = sourcecode.c.h; path = NendInterstitialModule.h; sourceTree = "<group>"; };
		A4A501501A14D07A007F9771 /* NendModule.h */ = {isa = PBXFileReference; fileEncoding = 4; lastKnownFileType = sourcecode.c.h; path = NendModule.h; sourceTree = "<group>"; };
		A4A5015D1A14D106007F9771 /* NendIconModule.mm */ = {isa = PBXFileReference; fileEncoding = 4; lastKnownFileType = sourcecode.cpp.objcpp; name = NendIconModule.mm; path = ios/NendIconModule.mm; sourceTree = SOURCE_ROOT; };
		A4A5015E1A14D106007F9771 /* NendInterstitialModule.mm */ = {isa = PBXFileReference; fileEncoding = 4; lastKnownFileType = sourcecode.cpp.objcpp; name = NendInterstitialModule.mm; path = ios/NendInterstitialModule.mm; sourceTree = SOURCE_ROOT; };
		A4A5015F1A14D106007F9771 /* NendModule.mm */ = {isa = PBXFileReference; fileEncoding = 4; lastKnownFileType = sourcecode.cpp.objcpp; name = NendModule.mm; path = ios/NendModule.mm; sourceTree = SOURCE_ROOT; };
		A4B29E0D1A02140C00FA9E42 /* greenBall.png */ = {isa = PBXFileReference; lastKnownFileType = image.png; path = greenBall.png; sourceTree = "<group>"; };
		A4B29E0E1A02140C00FA9E42 /* aquaBall.png */ = {isa = PBXFileReference; lastKnownFileType = image.png; path = aquaBall.png; sourceTree = "<group>"; };
		A4B29E0F1A02140C00FA9E42 /* whiteBall.png */ = {isa = PBXFileReference; lastKnownFileType = image.png; path = whiteBall.png; sourceTree = "<group>"; };
		A4B29E101A02140C00FA9E42 /* yellowBall.png */ = {isa = PBXFileReference; lastKnownFileType = image.png; path = yellowBall.png; sourceTree = "<group>"; };
		A4B29E111A02140C00FA9E42 /* blueBall.png */ = {isa = PBXFileReference; lastKnownFileType = image.png; path = blueBall.png; sourceTree = "<group>"; };
		A4B29E121A02140C00FA9E42 /* redBall.png */ = {isa = PBXFileReference; lastKnownFileType = image.png; path = redBall.png; sourceTree = "<group>"; };
		A4B29E131A02140C00FA9E42 /* purpleBall.png */ = {isa = PBXFileReference; lastKnownFileType = image.png; path = purpleBall.png; sourceTree = "<group>"; };
		A4B29E1B1A021C5600FA9E42 /* RGB.png */ = {isa = PBXFileReference; lastKnownFileType = image.png; path = RGB.png; sourceTree = "<group>"; };
		A4B29E1D1A022A1300FA9E42 /* player.png */ = {isa = PBXFileReference; lastKnownFileType = image.png; path = player.png; sourceTree = "<group>"; };
		A4B29E1F1A08F65600FA9E42 /* ring.png */ = {isa = PBXFileReference; lastKnownFileType = image.png; path = ring.png; sourceTree = "<group>"; };
		A4B29E211A08FE5F00FA9E42 /* aquaRing.png */ = {isa = PBXFileReference; lastKnownFileType = image.png; path = aquaRing.png; sourceTree = "<group>"; };
		A4B29E221A08FE5F00FA9E42 /* purpleRing.png */ = {isa = PBXFileReference; lastKnownFileType = image.png; path = purpleRing.png; sourceTree = "<group>"; };
		A4B29E231A08FE5F00FA9E42 /* redRing.png */ = {isa = PBXFileReference; lastKnownFileType = image.png; path = redRing.png; sourceTree = "<group>"; };
		A4B29E251A08FE5F00FA9E42 /* greenRing.png */ = {isa = PBXFileReference; lastKnownFileType = image.png; path = greenRing.png; sourceTree = "<group>"; };
		A4B29E261A08FE5F00FA9E42 /* whiteRing.png */ = {isa = PBXFileReference; lastKnownFileType = image.png; path = whiteRing.png; sourceTree = "<group>"; };
		A4B29E271A08FE5F00FA9E42 /* yellowRing.png */ = {isa = PBXFileReference; lastKnownFileType = image.png; path = yellowRing.png; sourceTree = "<group>"; };
		A4B29E331A09021300FA9E42 /* blueRing.png */ = {isa = PBXFileReference; lastKnownFileType = image.png; path = blueRing.png; sourceTree = "<group>"; };
		A4B29E3B1A0B878600FA9E42 /* tutorialBt.png */ = {isa = PBXFileReference; lastKnownFileType = image.png; path = tutorialBt.png; sourceTree = "<group>"; };
		A4B29E3C1A0B878600FA9E42 /* startBt.png */ = {isa = PBXFileReference; lastKnownFileType = image.png; path = startBt.png; sourceTree = "<group>"; };
		A4B29E3D1A0B878600FA9E42 /* rankingBt.png */ = {isa = PBXFileReference; lastKnownFileType = image.png; path = rankingBt.png; sourceTree = "<group>"; };
		A4B29E411A0B88A900FA9E42 /* titleRing.png */ = {isa = PBXFileReference; lastKnownFileType = image.png; path = titleRing.png; sourceTree = "<group>"; };
		A4B29E431A0BA82400FA9E42 /* KodomoRounded.otf */ = {isa = PBXFileReference; lastKnownFileType = file; path = KodomoRounded.otf; sourceTree = "<group>"; };
		A4B29E441A0CACE700FA9E42 /* homeBt.png */ = {isa = PBXFileReference; lastKnownFileType = image.png; path = homeBt.png; sourceTree = "<group>"; };
		A4B29E461A0CACED00FA9E42 /* retryBt.png */ = {isa = PBXFileReference; lastKnownFileType = image.png; path = retryBt.png; sourceTree = "<group>"; };
		A4C4FDD01A173D6600BA3DC8 /* appC.h */ = {isa = PBXFileReference; fileEncoding = 4; lastKnownFileType = sourcecode.c.h; path = appC.h; sourceTree = "<group>"; };
		A4C4FDD11A173D6600BA3DC8 /* appc_cutin2_base_down@2x.png */ = {isa = PBXFileReference; lastKnownFileType = image.png; path = "appc_cutin2_base_down@2x.png"; sourceTree = "<group>"; };
		A4C4FDD21A173D6600BA3DC8 /* appc_cutin2_base_up@2x.png */ = {isa = PBXFileReference; lastKnownFileType = image.png; path = "appc_cutin2_base_up@2x.png"; sourceTree = "<group>"; };
		A4C4FDD31A173D6600BA3DC8 /* appc_cutin2_btn_moreapp@2x.png */ = {isa = PBXFileReference; lastKnownFileType = image.png; path = "appc_cutin2_btn_moreapp@2x.png"; sourceTree = "<group>"; };
		A4C4FDD41A173D6600BA3DC8 /* appc_cutin2_close@2x.png */ = {isa = PBXFileReference; lastKnownFileType = image.png; path = "appc_cutin2_close@2x.png"; sourceTree = "<group>"; };
		A4C4FDD51A173D6600BA3DC8 /* appc_cutin2_icon_bg@2x.png */ = {isa = PBXFileReference; lastKnownFileType = image.png; path = "appc_cutin2_icon_bg@2x.png"; sourceTree = "<group>"; };
		A4C4FDD61A173D6600BA3DC8 /* appc_cutin_btn_inst@2x.png */ = {isa = PBXFileReference; lastKnownFileType = image.png; path = "appc_cutin_btn_inst@2x.png"; sourceTree = "<group>"; };
		A4C4FDD71A173D6600BA3DC8 /* appc_cutin_btn_inst_on@2x.png */ = {isa = PBXFileReference; lastKnownFileType = image.png; path = "appc_cutin_btn_inst_on@2x.png"; sourceTree = "<group>"; };
		A4C4FDD81A173D6600BA3DC8 /* appc_cutin_btn_other@2x.png */ = {isa = PBXFileReference; lastKnownFileType = image.png; path = "appc_cutin_btn_other@2x.png"; sourceTree = "<group>"; };
		A4C4FDD91A173D6600BA3DC8 /* appc_cutin_btn_other_on@2x.png */ = {isa = PBXFileReference; lastKnownFileType = image.png; path = "appc_cutin_btn_other_on@2x.png"; sourceTree = "<group>"; };
		A4C4FDDA1A173D6600BA3DC8 /* appc_cutin_close@2x.png */ = {isa = PBXFileReference; lastKnownFileType = image.png; path = "appc_cutin_close@2x.png"; sourceTree = "<group>"; };
		A4C4FDDB1A173D6600BA3DC8 /* appc_cutin_free@2x.png */ = {isa = PBXFileReference; lastKnownFileType = image.png; path = "appc_cutin_free@2x.png"; sourceTree = "<group>"; };
		A4C4FDDC1A173D6600BA3DC8 /* appc_cutin_under@2x.png */ = {isa = PBXFileReference; lastKnownFileType = image.png; path = "appc_cutin_under@2x.png"; sourceTree = "<group>"; };
		A4C4FDDD1A173D6600BA3DC8 /* appc_cutin_upper@2x.png */ = {isa = PBXFileReference; lastKnownFileType = image.png; path = "appc_cutin_upper@2x.png"; sourceTree = "<group>"; };
		A4C4FDDE1A173D6600BA3DC8 /* appc_game_logo@2x.png */ = {isa = PBXFileReference; lastKnownFileType = image.png; path = "appc_game_logo@2x.png"; sourceTree = "<group>"; };
		A4C4FDDF1A173D6600BA3DC8 /* appc_manga_background@2x.png */ = {isa = PBXFileReference; lastKnownFileType = image.png; path = "appc_manga_background@2x.png"; sourceTree = "<group>"; };
		A4C4FDE01A173D6600BA3DC8 /* appc_manga_close@2x.png */ = {isa = PBXFileReference; lastKnownFileType = image.png; path = "appc_manga_close@2x.png"; sourceTree = "<group>"; };
		A4C4FDE11A173D6600BA3DC8 /* appc_manga_footer@2x.png */ = {isa = PBXFileReference; lastKnownFileType = image.png; path = "appc_manga_footer@2x.png"; sourceTree = "<group>"; };
		A4C4FDE21A173D6600BA3DC8 /* appc_manga_gr_white_bottom@2x.png */ = {isa = PBXFileReference; lastKnownFileType = image.png; path = "appc_manga_gr_white_bottom@2x.png"; sourceTree = "<group>"; };
		A4C4FDE31A173D6600BA3DC8 /* appc_manga_gr_white_top@2x.png */ = {isa = PBXFileReference; lastKnownFileType = image.png; path = "appc_manga_gr_white_top@2x.png"; sourceTree = "<group>"; };
		A4C4FDE41A173D6600BA3DC8 /* appc_manga_logo@2x.png */ = {isa = PBXFileReference; lastKnownFileType = image.png; path = "appc_manga_logo@2x.png"; sourceTree = "<group>"; };
		A4C4FDE51A173D6600BA3DC8 /* appc_manga_vectol@2x.png */ = {isa = PBXFileReference; lastKnownFileType = image.png; path = "appc_manga_vectol@2x.png"; sourceTree = "<group>"; };
		A4C4FDE61A173D6600BA3DC8 /* appc_marquee_bg@2x.png */ = {isa = PBXFileReference; lastKnownFileType = image.png; path = "appc_marquee_bg@2x.png"; sourceTree = "<group>"; };
		A4C4FDE71A173D6600BA3DC8 /* appc_marquee_btn@2x.png */ = {isa = PBXFileReference; lastKnownFileType = image.png; path = "appc_marquee_btn@2x.png"; sourceTree = "<group>"; };
		A4C4FDE81A173D6600BA3DC8 /* appc_marquee_new@2x.png */ = {isa = PBXFileReference; lastKnownFileType = image.png; path = "appc_marquee_new@2x.png"; sourceTree = "<group>"; };
		A4C4FDE91A173D6600BA3DC8 /* appc_micon_bg_pattern@2x.png */ = {isa = PBXFileReference; lastKnownFileType = image.png; path = "appc_micon_bg_pattern@2x.png"; sourceTree = "<group>"; };
		A4C4FDEA1A173D6600BA3DC8 /* appc_micon_box_shadow@2x.png */ = {isa = PBXFileReference; lastKnownFileType = image.png; path = "appc_micon_box_shadow@2x.png"; sourceTree = "<group>"; };
		A4C4FDEB1A173D6600BA3DC8 /* appc_simple_app_pushed@2x.png */ = {isa = PBXFileReference; lastKnownFileType = image.png; path = "appc_simple_app_pushed@2x.png"; sourceTree = "<group>"; };
		A4C4FDEC1A173D6600BA3DC8 /* appc_simple_bg@2x.png */ = {isa = PBXFileReference; lastKnownFileType = image.png; path = "appc_simple_bg@2x.png"; sourceTree = "<group>"; };
		A4C4FDED1A173D6600BA3DC8 /* appc_simple_left_vector@2x.png */ = {isa = PBXFileReference; lastKnownFileType = image.png; path = "appc_simple_left_vector@2x.png"; sourceTree = "<group>"; };
		A4C4FDEE1A173D6600BA3DC8 /* appc_simple_right_vector@2x.png */ = {isa = PBXFileReference; lastKnownFileType = image.png; path = "appc_simple_right_vector@2x.png"; sourceTree = "<group>"; };
		A4C4FDEF1A173D6600BA3DC8 /* appc_web_close@2x.png */ = {isa = PBXFileReference; lastKnownFileType = image.png; path = "appc_web_close@2x.png"; sourceTree = "<group>"; };
		A4C4FDF01A173D6600BA3DC8 /* appCButtonView.h */ = {isa = PBXFileReference; fileEncoding = 4; lastKnownFileType = sourcecode.c.h; path = appCButtonView.h; sourceTree = "<group>"; };
		A4C4FDF11A173D6600BA3DC8 /* appcc_banner_default.png */ = {isa = PBXFileReference; lastKnownFileType = image.png; path = appcc_banner_default.png; sourceTree = "<group>"; };
		A4C4FDF21A173D6600BA3DC8 /* appcc_cutin2_noapp_icon@2x.png */ = {isa = PBXFileReference; lastKnownFileType = image.png; path = "appcc_cutin2_noapp_icon@2x.png"; sourceTree = "<group>"; };
		A4C4FDF31A173D6600BA3DC8 /* appcc_micon_webview_icon@2x.png */ = {isa = PBXFileReference; lastKnownFileType = image.png; path = "appcc_micon_webview_icon@2x.png"; sourceTree = "<group>"; };
		A4C4FDF41A173D6600BA3DC8 /* appcc_simple_appc_icon@2x.png */ = {isa = PBXFileReference; lastKnownFileType = image.png; path = "appcc_simple_appc_icon@2x.png"; sourceTree = "<group>"; };
		A4C4FDF51A173D6600BA3DC8 /* appcc_web_splash_cayto.png */ = {isa = PBXFileReference; lastKnownFileType = image.png; path = appcc_web_splash_cayto.png; sourceTree = "<group>"; };
		A4C4FDF61A173D6600BA3DC8 /* appcc_web_splash_cayto2.png */ = {isa = PBXFileReference; lastKnownFileType = image.png; path = appcc_web_splash_cayto2.png; sourceTree = "<group>"; };
		A4C4FDF71A173D6600BA3DC8 /* appcc_web_splash_logo.png */ = {isa = PBXFileReference; lastKnownFileType = image.png; path = appcc_web_splash_logo.png; sourceTree = "<group>"; };
		A4C4FDF81A173D6600BA3DC8 /* appcc_web_splash_logo2.gif */ = {isa = PBXFileReference; lastKnownFileType = image.gif; path = appcc_web_splash_logo2.gif; sourceTree = "<group>"; };
		A4C4FDF91A173D6600BA3DC8 /* appCCloud.h */ = {isa = PBXFileReference; fileEncoding = 4; lastKnownFileType = sourcecode.c.h; path = appCCloud.h; sourceTree = "<group>"; };
		A4C4FDFA1A173D6600BA3DC8 /* appCCloudDefine.h */ = {isa = PBXFileReference; fileEncoding = 4; lastKnownFileType = sourcecode.c.h; path = appCCloudDefine.h; sourceTree = "<group>"; };
		A4C4FDFB1A173D6600BA3DC8 /* appCCutinView.h */ = {isa = PBXFileReference; fileEncoding = 4; lastKnownFileType = sourcecode.c.h; path = appCCutinView.h; sourceTree = "<group>"; };
		A4C4FDFC1A173D6600BA3DC8 /* appCDefine.h */ = {isa = PBXFileReference; fileEncoding = 4; lastKnownFileType = sourcecode.c.h; path = appCDefine.h; sourceTree = "<group>"; };
		A4C4FDFD1A173D6600BA3DC8 /* appCDelegate.h */ = {isa = PBXFileReference; fileEncoding = 4; lastKnownFileType = sourcecode.c.h; path = appCDelegate.h; sourceTree = "<group>"; };
		A4C4FDFE1A173D6600BA3DC8 /* appCInAppPurchaseProduct.h */ = {isa = PBXFileReference; fileEncoding = 4; lastKnownFileType = sourcecode.c.h; path = appCInAppPurchaseProduct.h; sourceTree = "<group>"; };
		A4C4FDFF1A173D6600BA3DC8 /* appCMarqueeView.h */ = {isa = PBXFileReference; fileEncoding = 4; lastKnownFileType = sourcecode.c.h; path = appCMarqueeView.h; sourceTree = "<group>"; };
		A4C4FE001A173D6600BA3DC8 /* appCMatchAppDelegate.h */ = {isa = PBXFileReference; fileEncoding = 4; lastKnownFileType = sourcecode.c.h; path = appCMatchAppDelegate.h; sourceTree = "<group>"; };
		A4C4FE011A173D6600BA3DC8 /* appCMoveIconView.h */ = {isa = PBXFileReference; fileEncoding = 4; lastKnownFileType = sourcecode.c.h; path = appCMoveIconView.h; sourceTree = "<group>"; };
		A4C4FE021A173D6600BA3DC8 /* appCSimpleView.h */ = {isa = PBXFileReference; fileEncoding = 4; lastKnownFileType = sourcecode.c.h; path = appCSimpleView.h; sourceTree = "<group>"; };
		A4C4FE031A173D6600BA3DC8 /* libappCCloud.a */ = {isa = PBXFileReference; lastKnownFileType = archive.ar; path = libappCCloud.a; sourceTree = "<group>"; };
		A4C4FE2C1A173D7D00BA3DC8 /* AppCCloudPlugin.cpp */ = {isa = PBXFileReference; fileEncoding = 4; lastKnownFileType = sourcecode.cpp.cpp; path = AppCCloudPlugin.cpp; sourceTree = "<group>"; };
		A4C4FE2D1A173D7D00BA3DC8 /* AppCCloudPlugin.h */ = {isa = PBXFileReference; fileEncoding = 4; lastKnownFileType = sourcecode.c.h; path = AppCCloudPlugin.h; sourceTree = "<group>"; };
		A4C4FE2E1A173D7D00BA3DC8 /* AppCCloudPlugin.mm */ = {isa = PBXFileReference; fileEncoding = 4; lastKnownFileType = sourcecode.cpp.objcpp; path = AppCCloudPlugin.mm; sourceTree = "<group>"; };
		A4C4FE321A173E5700BA3DC8 /* CoreTelephony.framework */ = {isa = PBXFileReference; lastKnownFileType = wrapper.framework; name = CoreTelephony.framework; path = Platforms/iPhoneOS.platform/Developer/SDKs/iPhoneOS8.1.sdk/System/Library/Frameworks/CoreTelephony.framework; sourceTree = DEVELOPER_DIR; };
		A4C4FE361A173E6000BA3DC8 /* StoreKit.framework */ = {isa = PBXFileReference; lastKnownFileType = wrapper.framework; name = StoreKit.framework; path = Platforms/iPhoneOS.platform/Developer/SDKs/iPhoneOS8.1.sdk/System/Library/Frameworks/StoreKit.framework; sourceTree = DEVELOPER_DIR; };
		A4C4FE3C1A17406C00BA3DC8 /* shelling_icon_1024.png */ = {isa = PBXFileReference; lastKnownFileType = image.png; path = shelling_icon_1024.png; sourceTree = "<group>"; };
		A4C4FE3E1A17523400BA3DC8 /* other.png */ = {isa = PBXFileReference; lastKnownFileType = image.png; path = other.png; sourceTree = "<group>"; };
		A4E69C5C1A13245000EBF5D3 /* TutorialScene.cpp */ = {isa = PBXFileReference; fileEncoding = 4; lastKnownFileType = sourcecode.cpp.cpp; name = TutorialScene.cpp; path = ../Classes/TutorialScene.cpp; sourceTree = "<group>"; };
		A4E69C5D1A13245000EBF5D3 /* TutorialScene.h */ = {isa = PBXFileReference; fileEncoding = 4; lastKnownFileType = sourcecode.c.h; name = TutorialScene.h; path = ../Classes/TutorialScene.h; sourceTree = "<group>"; };
		BF170DB012928DE900B8313A /* OpenGLES.framework */ = {isa = PBXFileReference; lastKnownFileType = wrapper.framework; name = OpenGLES.framework; path = System/Library/Frameworks/OpenGLES.framework; sourceTree = SDKROOT; };
		BF170DB412928DE900B8313A /* libz.dylib */ = {isa = PBXFileReference; lastKnownFileType = "compiled.mach-o.dylib"; name = libz.dylib; path = usr/lib/libz.dylib; sourceTree = SDKROOT; };
		BF1C47EA1293683800B63C5D /* QuartzCore.framework */ = {isa = PBXFileReference; lastKnownFileType = wrapper.framework; name = QuartzCore.framework; path = System/Library/Frameworks/QuartzCore.framework; sourceTree = SDKROOT; };
		D44C620B132DFF330009C878 /* OpenAL.framework */ = {isa = PBXFileReference; lastKnownFileType = wrapper.framework; name = OpenAL.framework; path = System/Library/Frameworks/OpenAL.framework; sourceTree = SDKROOT; };
		D44C620D132DFF430009C878 /* AVFoundation.framework */ = {isa = PBXFileReference; lastKnownFileType = wrapper.framework; name = AVFoundation.framework; path = System/Library/Frameworks/AVFoundation.framework; sourceTree = SDKROOT; };
		D44C620F132DFF4E0009C878 /* AudioToolbox.framework */ = {isa = PBXFileReference; lastKnownFileType = wrapper.framework; name = AudioToolbox.framework; path = System/Library/Frameworks/AudioToolbox.framework; sourceTree = SDKROOT; };
		D6B0611A1803AB670077942B /* CoreMotion.framework */ = {isa = PBXFileReference; lastKnownFileType = wrapper.framework; name = CoreMotion.framework; path = Platforms/iPhoneOS.platform/Developer/SDKs/iPhoneOS7.0.sdk/System/Library/Frameworks/CoreMotion.framework; sourceTree = DEVELOPER_DIR; };
/* End PBXFileReference section */

/* Begin PBXFrameworksBuildPhase section */
		1D60588F0D05DD3D006BFB54 /* Frameworks */ = {
			isa = PBXFrameworksBuildPhase;
			buildActionMask = 2147483647;
			files = (
				A4A378FF1A28B29700CA54AA /* Social.framework in Frameworks */,
				A4C4FE371A173E6000BA3DC8 /* StoreKit.framework in Frameworks */,
				A4C4FE331A173E5700BA3DC8 /* CoreTelephony.framework in Frameworks */,
				A4A5014D1A14CC1E007F9771 /* ImageIO.framework in Frameworks */,
				A4A5014B1A14CC0F007F9771 /* Security.framework in Frameworks */,
				A4A501491A14CBE3007F9771 /* AdSupport.framework in Frameworks */,
				1AC6FB2E180E99EB004C840B /* libbox2d iOS.a in Frameworks */,
				1AC6FB2F180E99EB004C840B /* libchipmunk iOS.a in Frameworks */,
				1AC6FB30180E99EB004C840B /* libcocos2dx iOS.a in Frameworks */,
				1AC6FB31180E99EB004C840B /* libcocos2dx-extensions iOS.a in Frameworks */,
				1AC6FB32180E99EB004C840B /* libCocosDenshion iOS.a in Frameworks */,
				D6B0611B1803AB670077942B /* CoreMotion.framework in Frameworks */,
				A4C4FE2B1A173D6600BA3DC8 /* libappCCloud.a in Frameworks */,
				1D60589F0D05DD5A006BFB54 /* Foundation.framework in Frameworks */,
				1DF5F4E00D08C38300B7A737 /* UIKit.framework in Frameworks */,
				288765A50DF7441C002DB57D /* CoreGraphics.framework in Frameworks */,
				A4A501461A14CB95007F9771 /* libNendAd.a in Frameworks */,
				BF171245129291EC00B8313A /* OpenGLES.framework in Frameworks */,
				BF1712471292920000B8313A /* libz.dylib in Frameworks */,
				BF1C47F01293687400B63C5D /* QuartzCore.framework in Frameworks */,
				D44C620C132DFF330009C878 /* OpenAL.framework in Frameworks */,
				D44C620E132DFF430009C878 /* AVFoundation.framework in Frameworks */,
				D44C6210132DFF4E0009C878 /* AudioToolbox.framework in Frameworks */,
				A4A5013D1A14C2F4007F9771 /* GameKit.framework in Frameworks */,
			);
			runOnlyForDeploymentPostprocessing = 0;
		};
		5087E75C17EB910900C73F5D /* Frameworks */ = {
			isa = PBXFrameworksBuildPhase;
			buildActionMask = 2147483647;
			files = (
				1AC6FB1F180E996B004C840B /* libbox2d Mac.a in Frameworks */,
				1AC6FB20180E996B004C840B /* libchipmunk Mac.a in Frameworks */,
				1AC6FB21180E996B004C840B /* libcocos2dx Mac.a in Frameworks */,
				1AC6FB22180E996B004C840B /* libcocos2dx-extensions Mac.a in Frameworks */,
				1AC6FB23180E996B004C840B /* libCocosDenshion Mac.a in Frameworks */,
				503AE11217EB99EE00D1A890 /* libcurl.dylib in Frameworks */,
				5087E76717EB910900C73F5D /* libz.dylib in Frameworks */,
				503AE11B17EB9C5A00D1A890 /* IOKit.framework in Frameworks */,
				5087E78B17EB975400C73F5D /* OpenGL.framework in Frameworks */,
				5087E78917EB974C00C73F5D /* AppKit.framework in Frameworks */,
				5087E76317EB910900C73F5D /* Foundation.framework in Frameworks */,
				5087E76517EB910900C73F5D /* CoreGraphics.framework in Frameworks */,
				5087E76817EB910900C73F5D /* QuartzCore.framework in Frameworks */,
				5087E76917EB910900C73F5D /* OpenAL.framework in Frameworks */,
				5087E76A17EB910900C73F5D /* AVFoundation.framework in Frameworks */,
				5087E76B17EB910900C73F5D /* AudioToolbox.framework in Frameworks */,
			);
			runOnlyForDeploymentPostprocessing = 0;
		};
/* End PBXFrameworksBuildPhase section */

/* Begin PBXGroup section */
		080E96DDFE201D6D7F000001 /* ios */ = {
			isa = PBXGroup;
			children = (
				A4A5015D1A14D106007F9771 /* NendIconModule.mm */,
				A4A5015E1A14D106007F9771 /* NendInterstitialModule.mm */,
				A4A5015F1A14D106007F9771 /* NendModule.mm */,
				5087E77117EB970100C73F5D /* Icons */,
				503AE0FA17EB989F00D1A890 /* AppController.h */,
				503AE0FB17EB989F00D1A890 /* AppController.mm */,
				503AE0FC17EB989F00D1A890 /* main.m */,
				503AE0FD17EB989F00D1A890 /* Prefix.pch */,
				503AE0FE17EB989F00D1A890 /* RootViewController.h */,
				503AE0FF17EB989F00D1A890 /* RootViewController.mm */,
			);
			name = ios;
			path = Classes;
			sourceTree = "<group>";
		};
		15AA9C4015B7EC450033D6C2 /* Classes */ = {
			isa = PBXGroup;
			children = (
				A4C4FE2C1A173D7D00BA3DC8 /* AppCCloudPlugin.cpp */,
				A4C4FE2D1A173D7D00BA3DC8 /* AppCCloudPlugin.h */,
				A4C4FE2E1A173D7D00BA3DC8 /* AppCCloudPlugin.mm */,
				A4A5014E1A14D07A007F9771 /* NendIconModule.h */,
				A4A5014F1A14D07A007F9771 /* NendInterstitialModule.h */,
				A4A501501A14D07A007F9771 /* NendModule.h */,
				1AFAF8B316D35DE700DB1158 /* AppDelegate.cpp */,
				1AFAF8B416D35DE700DB1158 /* AppDelegate.h */,
				1AFAF8B516D35DE700DB1158 /* TitleScene.cpp */,
				1AFAF8B616D35DE700DB1158 /* TitleScene.h */,
				A4E69C5C1A13245000EBF5D3 /* TutorialScene.cpp */,
				A4E69C5D1A13245000EBF5D3 /* TutorialScene.h */,
				A4A501361A14C04D007F9771 /* GameCenterBridge.h */,
				A4A501371A14C04D007F9771 /* GameCenterBridge.mm */,
				A4A501381A14C04D007F9771 /* GameCenterObjC.h */,
				A4A501391A14C04D007F9771 /* GameCenterObjC.m */,
			);
			name = Classes;
			path = ../classes;
			sourceTree = "<group>";
		};
		19C28FACFE9D520D11CA2CBB /* Products */ = {
			isa = PBXGroup;
			children = (
				1D6058910D05DD3D006BFB54 /* Shelling iOS.app */,
				5087E76F17EB910900C73F5D /* Shelling Mac.app */,
			);
			name = Products;
			sourceTree = "<group>";
		};
		1AC6FAE6180E9839004C840B /* Products */ = {
			isa = PBXGroup;
			children = (
				1AC6FAF9180E9839004C840B /* libcocos2dx Mac.a */,
				1AC6FAFB180E9839004C840B /* libcocos2dx-extensions Mac.a */,
				1AC6FAFD180E9839004C840B /* libchipmunk Mac.a */,
				1AC6FAFF180E9839004C840B /* libbox2d Mac.a */,
				1AC6FB01180E9839004C840B /* libCocosDenshion Mac.a */,
				1AC6FB07180E9839004C840B /* libcocos2dx iOS.a */,
				1AC6FB09180E9839004C840B /* libcocos2dx-extensions iOS.a */,
				1AC6FB0B180E9839004C840B /* libchipmunk iOS.a */,
				1AC6FB0D180E9839004C840B /* libbox2d iOS.a */,
				1AC6FB0F180E9839004C840B /* libCocosDenshion iOS.a */,
			);
			name = Products;
			sourceTree = "<group>";
		};
		29B97314FDCFA39411CA2CEA /* CustomTemplate */ = {
			isa = PBXGroup;
			children = (
				A4C4FDCD1A173D6600BA3DC8 /* appc_cloud_ios_xcode_6 */,
				A4A5013E1A14CB95007F9771 /* NendAd */,
				1AC6FAE5180E9839004C840B /* cocos2d_libs.xcodeproj */,
				15AA9C4015B7EC450033D6C2 /* Classes */,
				29B97323FDCFA39411CA2CEA /* Frameworks */,
				080E96DDFE201D6D7F000001 /* ios */,
				503AE10617EB990700D1A890 /* mac */,
				19C28FACFE9D520D11CA2CBB /* Products */,
				78C7DDAA14EBA5050085D0C2 /* Resources */,
			);
			name = CustomTemplate;
			sourceTree = "<group>";
		};
		29B97323FDCFA39411CA2CEA /* Frameworks */ = {
			isa = PBXGroup;
			children = (
				A4A378FE1A28B29700CA54AA /* Social.framework */,
				A4C4FE361A173E6000BA3DC8 /* StoreKit.framework */,
				A4C4FE321A173E5700BA3DC8 /* CoreTelephony.framework */,
				A4A5014C1A14CC1E007F9771 /* ImageIO.framework */,
				A4A5014A1A14CC0F007F9771 /* Security.framework */,
				A4A501481A14CBE3007F9771 /* AdSupport.framework */,
				A4A5013C1A14C2F4007F9771 /* GameKit.framework */,
				D6B0611A1803AB670077942B /* CoreMotion.framework */,
				503AE11A17EB9C5A00D1A890 /* IOKit.framework */,
				503AE11117EB99EE00D1A890 /* libcurl.dylib */,
				5087E78A17EB975400C73F5D /* OpenGL.framework */,
				5087E78817EB974C00C73F5D /* AppKit.framework */,
				1ACB3243164770DE00914215 /* libcurl.a */,
				BF170DB412928DE900B8313A /* libz.dylib */,
				D44C620F132DFF4E0009C878 /* AudioToolbox.framework */,
				D44C620D132DFF430009C878 /* AVFoundation.framework */,
				288765A40DF7441C002DB57D /* CoreGraphics.framework */,
				1D30AB110D05D00D00671497 /* Foundation.framework */,
				D44C620B132DFF330009C878 /* OpenAL.framework */,
				BF170DB012928DE900B8313A /* OpenGLES.framework */,
				BF1C47EA1293683800B63C5D /* QuartzCore.framework */,
				1DF5F4DF0D08C38300B7A737 /* UIKit.framework */,
			);
			name = Frameworks;
			sourceTree = "<group>";
		};
		503AE0F517EB97AB00D1A890 /* Icons */ = {
			isa = PBXGroup;
			children = (
				503AE0F617EB97AB00D1A890 /* Icon.icns */,
				503AE0F717EB97AB00D1A890 /* Info.plist */,
			);
			name = Icons;
			path = mac;
			sourceTree = SOURCE_ROOT;
		};
		503AE10617EB990700D1A890 /* mac */ = {
			isa = PBXGroup;
			children = (
				503AE0F517EB97AB00D1A890 /* Icons */,
				503AE10317EB98FF00D1A890 /* main.cpp */,
				503AE10417EB98FF00D1A890 /* Prefix.pch */,
			);
			name = mac;
			sourceTree = "<group>";
		};
		5087E77117EB970100C73F5D /* Icons */ = {
			isa = PBXGroup;
			children = (
				5087E77217EB970100C73F5D /* Default-568h@2x.png */,
				5087E77317EB970100C73F5D /* Default.png */,
				5087E77417EB970100C73F5D /* Default@2x.png */,
				50EF62A017ECD613001EB2F8 /* Icon-29.png */,
				50EF62A117ECD613001EB2F8 /* Icon-50.png */,
				50EF629217ECD46A001EB2F8 /* Icon-40.png */,
				50EF629317ECD46A001EB2F8 /* Icon-58.png */,
				50EF629417ECD46A001EB2F8 /* Icon-80.png */,
				50EF629517ECD46A001EB2F8 /* Icon-100.png */,
				5087E77517EB970100C73F5D /* Icon-114.png */,
				5087E77617EB970100C73F5D /* Icon-120.png */,
				5087E77717EB970100C73F5D /* Icon-144.png */,
				5087E77817EB970100C73F5D /* Icon-152.png */,
				5087E77917EB970100C73F5D /* Icon-57.png */,
				5087E77A17EB970100C73F5D /* Icon-72.png */,
				5087E77B17EB970100C73F5D /* Icon-76.png */,
				5087E77C17EB970100C73F5D /* Info.plist */,
			);
			name = Icons;
			path = ios;
			sourceTree = SOURCE_ROOT;
		};
		78C7DDAA14EBA5050085D0C2 /* Resources */ = {
			isa = PBXGroup;
			children = (
				A4A379021A28BA0F00CA54AA /* twitterBt.png */,
				A4C4FE3C1A17406C00BA3DC8 /* shelling_icon_1024.png */,
				A4A501331A149DBA007F9771 /* Images.xcassets */,
				A4A501311A1493A1007F9771 /* cursor1.mp3 */,
				A4A5012F1A14938F007F9771 /* decision7.mp3 */,
				A4A5012D1A1488E6007F9771 /* bgmShelling.mp3 */,
				A4C4FE3E1A17523400BA3DC8 /* other.png */,
				A4A501281A134465007F9771 /* yajirusi.png */,
				A4B29E461A0CACED00FA9E42 /* retryBt.png */,
				A4B29E441A0CACE700FA9E42 /* homeBt.png */,
				A4B29E431A0BA82400FA9E42 /* KodomoRounded.otf */,
				A4B29E411A0B88A900FA9E42 /* titleRing.png */,
				A4B29E1B1A021C5600FA9E42 /* RGB.png */,
				A4B29E3B1A0B878600FA9E42 /* tutorialBt.png */,
				A4B29E3C1A0B878600FA9E42 /* startBt.png */,
				A4B29E3D1A0B878600FA9E42 /* rankingBt.png */,
				A4B29E0D1A02140C00FA9E42 /* greenBall.png */,
				A4B29E0E1A02140C00FA9E42 /* aquaBall.png */,
				A4B29E0F1A02140C00FA9E42 /* whiteBall.png */,
				A4B29E101A02140C00FA9E42 /* yellowBall.png */,
				A4B29E111A02140C00FA9E42 /* blueBall.png */,
				A4B29E121A02140C00FA9E42 /* redBall.png */,
				A4B29E131A02140C00FA9E42 /* purpleBall.png */,
				A4B29E1D1A022A1300FA9E42 /* player.png */,
				A4B29E1F1A08F65600FA9E42 /* ring.png */,
				A4B29E211A08FE5F00FA9E42 /* aquaRing.png */,
				A4B29E221A08FE5F00FA9E42 /* purpleRing.png */,
				A4B29E231A08FE5F00FA9E42 /* redRing.png */,
				A4B29E251A08FE5F00FA9E42 /* greenRing.png */,
				A4B29E261A08FE5F00FA9E42 /* whiteRing.png */,
				A4B29E271A08FE5F00FA9E42 /* yellowRing.png */,
				A4B29E331A09021300FA9E42 /* blueRing.png */,
			);
			name = Resources;
			path = ../Resources;
			sourceTree = "<group>";
		};
		A4A5013E1A14CB95007F9771 /* NendAd */ = {
			isa = PBXGroup;
			children = (
				A4A5013F1A14CB95007F9771 /* libNendAd.a */,
				A4A501401A14CB95007F9771 /* NADIconArrayView.h */,
				A4A501411A14CB95007F9771 /* NADIconLoader.h */,
				A4A501421A14CB95007F9771 /* NADIconView.h */,
				A4A501431A14CB95007F9771 /* NADInterstitial.h */,
				A4A501441A14CB95007F9771 /* NADView.h */,
				A4A501451A14CB95007F9771 /* NADView_readme.txt */,
			);
			path = NendAd;
			sourceTree = "<group>";
		};
		A4C4FDCD1A173D6600BA3DC8 /* appc_cloud_ios_xcode_6 */ = {
			isa = PBXGroup;
			children = (
				A4C4FDCE1A173D6600BA3DC8 /* include */,
				A4C4FE031A173D6600BA3DC8 /* libappCCloud.a */,
			);
			path = appc_cloud_ios_xcode_6;
			sourceTree = "<group>";
		};
		A4C4FDCE1A173D6600BA3DC8 /* include */ = {
			isa = PBXGroup;
			children = (
				A4C4FDCF1A173D6600BA3DC8 /* appCCloud */,
			);
			path = include;
			sourceTree = "<group>";
		};
		A4C4FDCF1A173D6600BA3DC8 /* appCCloud */ = {
			isa = PBXGroup;
			children = (
				A4C4FDD01A173D6600BA3DC8 /* appC.h */,
				A4C4FDD11A173D6600BA3DC8 /* appc_cutin2_base_down@2x.png */,
				A4C4FDD21A173D6600BA3DC8 /* appc_cutin2_base_up@2x.png */,
				A4C4FDD31A173D6600BA3DC8 /* appc_cutin2_btn_moreapp@2x.png */,
				A4C4FDD41A173D6600BA3DC8 /* appc_cutin2_close@2x.png */,
				A4C4FDD51A173D6600BA3DC8 /* appc_cutin2_icon_bg@2x.png */,
				A4C4FDD61A173D6600BA3DC8 /* appc_cutin_btn_inst@2x.png */,
				A4C4FDD71A173D6600BA3DC8 /* appc_cutin_btn_inst_on@2x.png */,
				A4C4FDD81A173D6600BA3DC8 /* appc_cutin_btn_other@2x.png */,
				A4C4FDD91A173D6600BA3DC8 /* appc_cutin_btn_other_on@2x.png */,
				A4C4FDDA1A173D6600BA3DC8 /* appc_cutin_close@2x.png */,
				A4C4FDDB1A173D6600BA3DC8 /* appc_cutin_free@2x.png */,
				A4C4FDDC1A173D6600BA3DC8 /* appc_cutin_under@2x.png */,
				A4C4FDDD1A173D6600BA3DC8 /* appc_cutin_upper@2x.png */,
				A4C4FDDE1A173D6600BA3DC8 /* appc_game_logo@2x.png */,
				A4C4FDDF1A173D6600BA3DC8 /* appc_manga_background@2x.png */,
				A4C4FDE01A173D6600BA3DC8 /* appc_manga_close@2x.png */,
				A4C4FDE11A173D6600BA3DC8 /* appc_manga_footer@2x.png */,
				A4C4FDE21A173D6600BA3DC8 /* appc_manga_gr_white_bottom@2x.png */,
				A4C4FDE31A173D6600BA3DC8 /* appc_manga_gr_white_top@2x.png */,
				A4C4FDE41A173D6600BA3DC8 /* appc_manga_logo@2x.png */,
				A4C4FDE51A173D6600BA3DC8 /* appc_manga_vectol@2x.png */,
				A4C4FDE61A173D6600BA3DC8 /* appc_marquee_bg@2x.png */,
				A4C4FDE71A173D6600BA3DC8 /* appc_marquee_btn@2x.png */,
				A4C4FDE81A173D6600BA3DC8 /* appc_marquee_new@2x.png */,
				A4C4FDE91A173D6600BA3DC8 /* appc_micon_bg_pattern@2x.png */,
				A4C4FDEA1A173D6600BA3DC8 /* appc_micon_box_shadow@2x.png */,
				A4C4FDEB1A173D6600BA3DC8 /* appc_simple_app_pushed@2x.png */,
				A4C4FDEC1A173D6600BA3DC8 /* appc_simple_bg@2x.png */,
				A4C4FDED1A173D6600BA3DC8 /* appc_simple_left_vector@2x.png */,
				A4C4FDEE1A173D6600BA3DC8 /* appc_simple_right_vector@2x.png */,
				A4C4FDEF1A173D6600BA3DC8 /* appc_web_close@2x.png */,
				A4C4FDF01A173D6600BA3DC8 /* appCButtonView.h */,
				A4C4FDF11A173D6600BA3DC8 /* appcc_banner_default.png */,
				A4C4FDF21A173D6600BA3DC8 /* appcc_cutin2_noapp_icon@2x.png */,
				A4C4FDF31A173D6600BA3DC8 /* appcc_micon_webview_icon@2x.png */,
				A4C4FDF41A173D6600BA3DC8 /* appcc_simple_appc_icon@2x.png */,
				A4C4FDF51A173D6600BA3DC8 /* appcc_web_splash_cayto.png */,
				A4C4FDF61A173D6600BA3DC8 /* appcc_web_splash_cayto2.png */,
				A4C4FDF71A173D6600BA3DC8 /* appcc_web_splash_logo.png */,
				A4C4FDF81A173D6600BA3DC8 /* appcc_web_splash_logo2.gif */,
				A4C4FDF91A173D6600BA3DC8 /* appCCloud.h */,
				A4C4FDFA1A173D6600BA3DC8 /* appCCloudDefine.h */,
				A4C4FDFB1A173D6600BA3DC8 /* appCCutinView.h */,
				A4C4FDFC1A173D6600BA3DC8 /* appCDefine.h */,
				A4C4FDFD1A173D6600BA3DC8 /* appCDelegate.h */,
				A4C4FDFE1A173D6600BA3DC8 /* appCInAppPurchaseProduct.h */,
				A4C4FDFF1A173D6600BA3DC8 /* appCMarqueeView.h */,
				A4C4FE001A173D6600BA3DC8 /* appCMatchAppDelegate.h */,
				A4C4FE011A173D6600BA3DC8 /* appCMoveIconView.h */,
				A4C4FE021A173D6600BA3DC8 /* appCSimpleView.h */,
			);
			path = appCCloud;
			sourceTree = "<group>";
		};
/* End PBXGroup section */

/* Begin PBXNativeTarget section */
		1D6058900D05DD3D006BFB54 /* Shelling iOS */ = {
			isa = PBXNativeTarget;
			buildConfigurationList = 1D6058960D05DD3E006BFB54 /* Build configuration list for PBXNativeTarget "Shelling iOS" */;
			buildPhases = (
				1D60588D0D05DD3D006BFB54 /* Resources */,
				1D60588E0D05DD3D006BFB54 /* Sources */,
				1D60588F0D05DD3D006BFB54 /* Frameworks */,
			);
			buildRules = (
			);
			dependencies = (
				1AC6FB25180E99E1004C840B /* PBXTargetDependency */,
				1AC6FB27180E99E1004C840B /* PBXTargetDependency */,
				1AC6FB29180E99E1004C840B /* PBXTargetDependency */,
				1AC6FB2B180E99E1004C840B /* PBXTargetDependency */,
				1AC6FB2D180E99E1004C840B /* PBXTargetDependency */,
			);
			name = "Shelling iOS";
			productName = iphone;
			productReference = 1D6058910D05DD3D006BFB54 /* Shelling iOS.app */;
			productType = "com.apple.product-type.application";
		};
		5087E73D17EB910900C73F5D /* Shelling Mac */ = {
			isa = PBXNativeTarget;
			buildConfigurationList = 5087E76C17EB910900C73F5D /* Build configuration list for PBXNativeTarget "Shelling Mac" */;
			buildPhases = (
				5087E74817EB910900C73F5D /* Resources */,
				5087E75617EB910900C73F5D /* Sources */,
				5087E75C17EB910900C73F5D /* Frameworks */,
			);
			buildRules = (
			);
			dependencies = (
				1AC6FB1E180E9963004C840B /* PBXTargetDependency */,
				1AC6FB16180E9959004C840B /* PBXTargetDependency */,
				1AC6FB18180E9959004C840B /* PBXTargetDependency */,
				1AC6FB1A180E9959004C840B /* PBXTargetDependency */,
				1AC6FB1C180E9959004C840B /* PBXTargetDependency */,
			);
			name = "Shelling Mac";
			productName = iphone;
			productReference = 5087E76F17EB910900C73F5D /* Shelling Mac.app */;
			productType = "com.apple.product-type.application";
		};
/* End PBXNativeTarget section */

/* Begin PBXProject section */
		29B97313FDCFA39411CA2CEA /* Project object */ = {
			isa = PBXProject;
			attributes = {
				LastUpgradeCheck = 0610;
				TargetAttributes = {
					1D6058900D05DD3D006BFB54 = {
						DevelopmentTeam = DQ67LBWH5G;
						SystemCapabilities = {
							com.apple.GameCenter = {
								enabled = 1;
							};
						};
					};
				};
			};
			buildConfigurationList = C01FCF4E08A954540054247B /* Build configuration list for PBXProject "Shelling" */;
			compatibilityVersion = "Xcode 3.2";
			developmentRegion = English;
			hasScannedForEncodings = 1;
			knownRegions = (
				English,
				Japanese,
				French,
				German,
			);
			mainGroup = 29B97314FDCFA39411CA2CEA /* CustomTemplate */;
			projectDirPath = "";
			projectReferences = (
				{
					ProductGroup = 1AC6FAE6180E9839004C840B /* Products */;
					ProjectRef = 1AC6FAE5180E9839004C840B /* cocos2d_libs.xcodeproj */;
				},
			);
			projectRoot = "";
			targets = (
				1D6058900D05DD3D006BFB54 /* Shelling iOS */,
				5087E73D17EB910900C73F5D /* Shelling Mac */,
			);
		};
/* End PBXProject section */

/* Begin PBXReferenceProxy section */
		1AC6FAF9180E9839004C840B /* libcocos2dx Mac.a */ = {
			isa = PBXReferenceProxy;
			fileType = archive.ar;
			path = "libcocos2dx Mac.a";
			remoteRef = 1AC6FAF8180E9839004C840B /* PBXContainerItemProxy */;
			sourceTree = BUILT_PRODUCTS_DIR;
		};
		1AC6FAFB180E9839004C840B /* libcocos2dx-extensions Mac.a */ = {
			isa = PBXReferenceProxy;
			fileType = archive.ar;
			path = "libcocos2dx-extensions Mac.a";
			remoteRef = 1AC6FAFA180E9839004C840B /* PBXContainerItemProxy */;
			sourceTree = BUILT_PRODUCTS_DIR;
		};
		1AC6FAFD180E9839004C840B /* libchipmunk Mac.a */ = {
			isa = PBXReferenceProxy;
			fileType = archive.ar;
			path = "libchipmunk Mac.a";
			remoteRef = 1AC6FAFC180E9839004C840B /* PBXContainerItemProxy */;
			sourceTree = BUILT_PRODUCTS_DIR;
		};
		1AC6FAFF180E9839004C840B /* libbox2d Mac.a */ = {
			isa = PBXReferenceProxy;
			fileType = archive.ar;
			path = "libbox2d Mac.a";
			remoteRef = 1AC6FAFE180E9839004C840B /* PBXContainerItemProxy */;
			sourceTree = BUILT_PRODUCTS_DIR;
		};
		1AC6FB01180E9839004C840B /* libCocosDenshion Mac.a */ = {
			isa = PBXReferenceProxy;
			fileType = archive.ar;
			path = "libCocosDenshion Mac.a";
			remoteRef = 1AC6FB00180E9839004C840B /* PBXContainerItemProxy */;
			sourceTree = BUILT_PRODUCTS_DIR;
		};
		1AC6FB07180E9839004C840B /* libcocos2dx iOS.a */ = {
			isa = PBXReferenceProxy;
			fileType = archive.ar;
			path = "libcocos2dx iOS.a";
			remoteRef = 1AC6FB06180E9839004C840B /* PBXContainerItemProxy */;
			sourceTree = BUILT_PRODUCTS_DIR;
		};
		1AC6FB09180E9839004C840B /* libcocos2dx-extensions iOS.a */ = {
			isa = PBXReferenceProxy;
			fileType = archive.ar;
			path = "libcocos2dx-extensions iOS.a";
			remoteRef = 1AC6FB08180E9839004C840B /* PBXContainerItemProxy */;
			sourceTree = BUILT_PRODUCTS_DIR;
		};
		1AC6FB0B180E9839004C840B /* libchipmunk iOS.a */ = {
			isa = PBXReferenceProxy;
			fileType = archive.ar;
			path = "libchipmunk iOS.a";
			remoteRef = 1AC6FB0A180E9839004C840B /* PBXContainerItemProxy */;
			sourceTree = BUILT_PRODUCTS_DIR;
		};
		1AC6FB0D180E9839004C840B /* libbox2d iOS.a */ = {
			isa = PBXReferenceProxy;
			fileType = archive.ar;
			path = "libbox2d iOS.a";
			remoteRef = 1AC6FB0C180E9839004C840B /* PBXContainerItemProxy */;
			sourceTree = BUILT_PRODUCTS_DIR;
		};
		1AC6FB0F180E9839004C840B /* libCocosDenshion iOS.a */ = {
			isa = PBXReferenceProxy;
			fileType = archive.ar;
			path = "libCocosDenshion iOS.a";
			remoteRef = 1AC6FB0E180E9839004C840B /* PBXContainerItemProxy */;
			sourceTree = BUILT_PRODUCTS_DIR;
		};
/* End PBXReferenceProxy section */

/* Begin PBXResourcesBuildPhase section */
		1D60588D0D05DD3D006BFB54 /* Resources */ = {
			isa = PBXResourcesBuildPhase;
			buildActionMask = 2147483647;
			files = (
				A4A501351A14B854007F9771 /* KodomoRounded.otf in Resources */,
				A4C4FE1F1A173D6600BA3DC8 /* appc_simple_bg@2x.png in Resources */,
				5087E78117EB970100C73F5D /* Icon-120.png in Resources */,
				5087E78617EB970100C73F5D /* Icon-76.png in Resources */,
				A4C4FE241A173D6600BA3DC8 /* appcc_cutin2_noapp_icon@2x.png in Resources */,
				A4B29E421A0B88A900FA9E42 /* titleRing.png in Resources */,
				A4B29E2C1A08FE5F00FA9E42 /* greenRing.png in Resources */,
				A4A501471A14CB95007F9771 /* NADView_readme.txt in Resources */,
				A4A501301A14938F007F9771 /* decision7.mp3 in Resources */,
				A4C4FE1A1A173D6600BA3DC8 /* appc_marquee_btn@2x.png in Resources */,
				5087E77F17EB970100C73F5D /* Default@2x.png in Resources */,
				50EF629917ECD46A001EB2F8 /* Icon-100.png in Resources */,
				A4C4FE261A173D6600BA3DC8 /* appcc_simple_appc_icon@2x.png in Resources */,
				A4C4FE3F1A17523400BA3DC8 /* other.png in Resources */,
				A4C4FE091A173D6600BA3DC8 /* appc_cutin_btn_inst@2x.png in Resources */,
				A4C4FE211A173D6600BA3DC8 /* appc_simple_right_vector@2x.png in Resources */,
				A4B29E1A1A02140C00FA9E42 /* purpleBall.png in Resources */,
				A4A501291A134465007F9771 /* yajirusi.png in Resources */,
				A4B29E181A02140C00FA9E42 /* blueBall.png in Resources */,
				A4C4FE0F1A173D6600BA3DC8 /* appc_cutin_under@2x.png in Resources */,
				A4C4FE221A173D6600BA3DC8 /* appc_web_close@2x.png in Resources */,
				A4B29E171A02140C00FA9E42 /* yellowBall.png in Resources */,
				A4B29E161A02140C00FA9E42 /* whiteBall.png in Resources */,
				A4C4FE161A173D6600BA3DC8 /* appc_manga_gr_white_top@2x.png in Resources */,
				A4C4FE281A173D6600BA3DC8 /* appcc_web_splash_cayto2.png in Resources */,
				5087E78317EB970100C73F5D /* Icon-152.png in Resources */,
				5087E77D17EB970100C73F5D /* Default-568h@2x.png in Resources */,
				A4B29E191A02140C00FA9E42 /* redBall.png in Resources */,
				A4C4FE151A173D6600BA3DC8 /* appc_manga_gr_white_bottom@2x.png in Resources */,
				5087E78517EB970100C73F5D /* Icon-72.png in Resources */,
				A4B29E2A1A08FE5F00FA9E42 /* redRing.png in Resources */,
				A4C4FE0B1A173D6600BA3DC8 /* appc_cutin_btn_other@2x.png in Resources */,
				50EF62A317ECD613001EB2F8 /* Icon-50.png in Resources */,
				A4C4FE111A173D6600BA3DC8 /* appc_game_logo@2x.png in Resources */,
				A4C4FE121A173D6600BA3DC8 /* appc_manga_background@2x.png in Resources */,
				A4B29E141A02140C00FA9E42 /* greenBall.png in Resources */,
				A4C4FE3D1A17406C00BA3DC8 /* shelling_icon_1024.png in Resources */,
				A4C4FE0E1A173D6600BA3DC8 /* appc_cutin_free@2x.png in Resources */,
				5087E78017EB970100C73F5D /* Icon-114.png in Resources */,
				A4C4FE131A173D6600BA3DC8 /* appc_manga_close@2x.png in Resources */,
				A4A5012E1A1488E7007F9771 /* bgmShelling.mp3 in Resources */,
				A4B29E341A09021300FA9E42 /* blueRing.png in Resources */,
				A4C4FE0C1A173D6600BA3DC8 /* appc_cutin_btn_other_on@2x.png in Resources */,
				A4B29E2D1A08FE5F00FA9E42 /* whiteRing.png in Resources */,
				A4C4FE2A1A173D6600BA3DC8 /* appcc_web_splash_logo2.gif in Resources */,
				A4C4FE251A173D6600BA3DC8 /* appcc_micon_webview_icon@2x.png in Resources */,
				A4C4FE141A173D6600BA3DC8 /* appc_manga_footer@2x.png in Resources */,
				A4C4FE181A173D6600BA3DC8 /* appc_manga_vectol@2x.png in Resources */,
				A4B29E3F1A0B878600FA9E42 /* startBt.png in Resources */,
				A4A501321A1493A1007F9771 /* cursor1.mp3 in Resources */,
				A4B29E401A0B878600FA9E42 /* rankingBt.png in Resources */,
				A4C4FE0D1A173D6600BA3DC8 /* appc_cutin_close@2x.png in Resources */,
				A4C4FE171A173D6600BA3DC8 /* appc_manga_logo@2x.png in Resources */,
				50EF62A217ECD613001EB2F8 /* Icon-29.png in Resources */,
				50EF629617ECD46A001EB2F8 /* Icon-40.png in Resources */,
				5087E78217EB970100C73F5D /* Icon-144.png in Resources */,
				A4C4FE231A173D6600BA3DC8 /* appcc_banner_default.png in Resources */,
				50EF629817ECD46A001EB2F8 /* Icon-80.png in Resources */,
				A4C4FE1D1A173D6600BA3DC8 /* appc_micon_box_shadow@2x.png in Resources */,
				A4B29E281A08FE5F00FA9E42 /* aquaRing.png in Resources */,
				A4C4FE271A173D6600BA3DC8 /* appcc_web_splash_cayto.png in Resources */,
				5087E78417EB970100C73F5D /* Icon-57.png in Resources */,
				A4B29E2E1A08FE5F00FA9E42 /* yellowRing.png in Resources */,
				A4C4FE1E1A173D6600BA3DC8 /* appc_simple_app_pushed@2x.png in Resources */,
				A4C4FE061A173D6600BA3DC8 /* appc_cutin2_btn_moreapp@2x.png in Resources */,
				A4C4FE1C1A173D6600BA3DC8 /* appc_micon_bg_pattern@2x.png in Resources */,
				A4C4FE071A173D6600BA3DC8 /* appc_cutin2_close@2x.png in Resources */,
				5087E77E17EB970100C73F5D /* Default.png in Resources */,
				A4B29E3E1A0B878600FA9E42 /* tutorialBt.png in Resources */,
				A4B29E1E1A022A1300FA9E42 /* player.png in Resources */,
				A4B29E1C1A021C5600FA9E42 /* RGB.png in Resources */,
				A4A501341A149DBA007F9771 /* Images.xcassets in Resources */,
				A4C4FE101A173D6600BA3DC8 /* appc_cutin_upper@2x.png in Resources */,
				A4A379031A28BA0F00CA54AA /* twitterBt.png in Resources */,
				A4C4FE291A173D6600BA3DC8 /* appcc_web_splash_logo.png in Resources */,
				A4C4FE081A173D6600BA3DC8 /* appc_cutin2_icon_bg@2x.png in Resources */,
				A4B29E201A08F65700FA9E42 /* ring.png in Resources */,
				A4B29E291A08FE5F00FA9E42 /* purpleRing.png in Resources */,
				A4B29E151A02140C00FA9E42 /* aquaBall.png in Resources */,
				A4C4FE041A173D6600BA3DC8 /* appc_cutin2_base_down@2x.png in Resources */,
				A4B29E451A0CACE700FA9E42 /* homeBt.png in Resources */,
				A4C4FE201A173D6600BA3DC8 /* appc_simple_left_vector@2x.png in Resources */,
				A4C4FE051A173D6600BA3DC8 /* appc_cutin2_base_up@2x.png in Resources */,
				A4C4FE0A1A173D6600BA3DC8 /* appc_cutin_btn_inst_on@2x.png in Resources */,
				A4C4FE1B1A173D6600BA3DC8 /* appc_marquee_new@2x.png in Resources */,
				A4B29E471A0CACED00FA9E42 /* retryBt.png in Resources */,
				A4C4FE191A173D6600BA3DC8 /* appc_marquee_bg@2x.png in Resources */,
				50EF629717ECD46A001EB2F8 /* Icon-58.png in Resources */,
			);
			runOnlyForDeploymentPostprocessing = 0;
		};
		5087E74817EB910900C73F5D /* Resources */ = {
			isa = PBXResourcesBuildPhase;
			buildActionMask = 2147483647;
			files = (
				503AE0F817EB97AB00D1A890 /* Icon.icns in Resources */,
			);
			runOnlyForDeploymentPostprocessing = 0;
		};
/* End PBXResourcesBuildPhase section */

/* Begin PBXSourcesBuildPhase section */
		1D60588E0D05DD3D006BFB54 /* Sources */ = {
			isa = PBXSourcesBuildPhase;
			buildActionMask = 2147483647;
			files = (
				A4C4FE301A173D7D00BA3DC8 /* AppCCloudPlugin.mm in Sources */,
				A4A501621A14D106007F9771 /* NendModule.mm in Sources */,
				A4A5013A1A14C04D007F9771 /* GameCenterBridge.mm in Sources */,
				A4C4FE2F1A173D7D00BA3DC8 /* AppCCloudPlugin.cpp in Sources */,
				503AE10017EB989F00D1A890 /* AppController.mm in Sources */,
				A4A501601A14D106007F9771 /* NendIconModule.mm in Sources */,
				503AE10217EB989F00D1A890 /* RootViewController.mm in Sources */,
				A4E69C5E1A13245000EBF5D3 /* TutorialScene.cpp in Sources */,
				A4A5013B1A14C04D007F9771 /* GameCenterObjC.m in Sources */,
				1AFAF8B716D35DE700DB1158 /* AppDelegate.cpp in Sources */,
				503AE10117EB989F00D1A890 /* main.m in Sources */,
				A4A501611A14D106007F9771 /* NendInterstitialModule.mm in Sources */,
				1AFAF8B816D35DE700DB1158 /* TitleScene.cpp in Sources */,
			);
			runOnlyForDeploymentPostprocessing = 0;
		};
		5087E75617EB910900C73F5D /* Sources */ = {
			isa = PBXSourcesBuildPhase;
			buildActionMask = 2147483647;
			files = (
				5087E75717EB910900C73F5D /* AppDelegate.cpp in Sources */,
				5087E75817EB910900C73F5D /* TitleScene.cpp in Sources */,
				503AE10517EB98FF00D1A890 /* main.cpp in Sources */,
			);
			runOnlyForDeploymentPostprocessing = 0;
		};
/* End PBXSourcesBuildPhase section */

/* Begin PBXTargetDependency section */
		1AC6FB16180E9959004C840B /* PBXTargetDependency */ = {
			isa = PBXTargetDependency;
			name = "cocos2dx Mac";
			targetProxy = 1AC6FB15180E9959004C840B /* PBXContainerItemProxy */;
		};
		1AC6FB18180E9959004C840B /* PBXTargetDependency */ = {
			isa = PBXTargetDependency;
			name = "cocos2dx-extensions Mac";
			targetProxy = 1AC6FB17180E9959004C840B /* PBXContainerItemProxy */;
		};
		1AC6FB1A180E9959004C840B /* PBXTargetDependency */ = {
			isa = PBXTargetDependency;
			name = "chipmunk Mac";
			targetProxy = 1AC6FB19180E9959004C840B /* PBXContainerItemProxy */;
		};
		1AC6FB1C180E9959004C840B /* PBXTargetDependency */ = {
			isa = PBXTargetDependency;
			name = "CocosDenshion Mac";
			targetProxy = 1AC6FB1B180E9959004C840B /* PBXContainerItemProxy */;
		};
		1AC6FB1E180E9963004C840B /* PBXTargetDependency */ = {
			isa = PBXTargetDependency;
			name = "box2d Mac";
			targetProxy = 1AC6FB1D180E9963004C840B /* PBXContainerItemProxy */;
		};
		1AC6FB25180E99E1004C840B /* PBXTargetDependency */ = {
			isa = PBXTargetDependency;
			name = "cocos2dx iOS";
			targetProxy = 1AC6FB24180E99E1004C840B /* PBXContainerItemProxy */;
		};
		1AC6FB27180E99E1004C840B /* PBXTargetDependency */ = {
			isa = PBXTargetDependency;
			name = "cocos2dx-extensions iOS";
			targetProxy = 1AC6FB26180E99E1004C840B /* PBXContainerItemProxy */;
		};
		1AC6FB29180E99E1004C840B /* PBXTargetDependency */ = {
			isa = PBXTargetDependency;
			name = "chipmunk iOS";
			targetProxy = 1AC6FB28180E99E1004C840B /* PBXContainerItemProxy */;
		};
		1AC6FB2B180E99E1004C840B /* PBXTargetDependency */ = {
			isa = PBXTargetDependency;
			name = "box2d iOS";
			targetProxy = 1AC6FB2A180E99E1004C840B /* PBXContainerItemProxy */;
		};
		1AC6FB2D180E99E1004C840B /* PBXTargetDependency */ = {
			isa = PBXTargetDependency;
			name = "CocosDenshion iOS";
			targetProxy = 1AC6FB2C180E99E1004C840B /* PBXContainerItemProxy */;
		};
/* End PBXTargetDependency section */

/* Begin XCBuildConfiguration section */
		1D6058940D05DD3E006BFB54 /* Debug */ = {
			isa = XCBuildConfiguration;
			buildSettings = {
				ALWAYS_SEARCH_USER_PATHS = YES;
				ARCHS = "$(ARCHS_STANDARD)";
				ASSETCATALOG_COMPILER_APPICON_NAME = AppIcon;
				ASSETCATALOG_COMPILER_LAUNCHIMAGE_NAME = LaunchImage;
				CODE_SIGN_IDENTITY = "iPhone Developer";
				"CODE_SIGN_IDENTITY[sdk=iphoneos*]" = "iPhone Developer";
				COMPRESS_PNG_FILES = NO;
				GCC_DYNAMIC_NO_PIC = NO;
				GCC_INLINES_ARE_PRIVATE_EXTERN = NO;
				GCC_PRECOMPILE_PREFIX_HEADER = YES;
				GCC_PREFIX_HEADER = ios/Prefix.pch;
				GCC_PREPROCESSOR_DEFINITIONS = (
					USE_FILE32API,
					CC_TARGET_OS_IPHONE,
					"COCOS2D_DEBUG=1",
					"CC_ENABLE_CHIPMUNK_INTEGRATION=1",
				);
				GCC_SYMBOLS_PRIVATE_EXTERN = NO;
				HEADER_SEARCH_PATHS = (
					"$(inherited)",
					"$(SRCROOT)/../cocos2d/cocos/platform/ios",
					"$(SRCROOT)/../cocos2d/cocos/platform/ios/Simulation",
				);
				INFOPLIST_FILE = ios/Info.plist;
				IPHONEOS_DEPLOYMENT_TARGET = 5.0;
				LD_NO_PIE = YES;
				LIBRARY_SEARCH_PATHS = (
					"$(PROJECT_DIR)/NendAd",
					"$(PROJECT_DIR)/appc_cloud_ios_xcode_6",
				);
				PROVISIONING_PROFILE = "";
				SDKROOT = iphoneos;
				TARGETED_DEVICE_FAMILY = 1;
				USER_HEADER_SEARCH_PATHS = "";
				VALID_ARCHS = "armv7 armv7s";
			};
			name = Debug;
		};
		1D6058950D05DD3E006BFB54 /* Release */ = {
			isa = XCBuildConfiguration;
			buildSettings = {
				ALWAYS_SEARCH_USER_PATHS = YES;
				ARCHS = "$(ARCHS_STANDARD)";
				ASSETCATALOG_COMPILER_APPICON_NAME = AppIcon;
				ASSETCATALOG_COMPILER_LAUNCHIMAGE_NAME = LaunchImage;
				CODE_SIGN_IDENTITY = "iPhone Developer";
				"CODE_SIGN_IDENTITY[sdk=iphoneos*]" = "iPhone Developer";
				COMPRESS_PNG_FILES = NO;
				GCC_INLINES_ARE_PRIVATE_EXTERN = NO;
				GCC_PRECOMPILE_PREFIX_HEADER = YES;
				GCC_PREFIX_HEADER = ios/Prefix.pch;
				GCC_PREPROCESSOR_DEFINITIONS = (
					USE_FILE32API,
					CC_TARGET_OS_IPHONE,
					"CC_ENABLE_CHIPMUNK_INTEGRATION=1",
				);
				GCC_SYMBOLS_PRIVATE_EXTERN = NO;
				HEADER_SEARCH_PATHS = (
					"$(inherited)",
					"$(SRCROOT)/../cocos2d/cocos/platform/ios",
					"$(SRCROOT)/../cocos2d/cocos/platform/ios/Simulation",
				);
				INFOPLIST_FILE = ios/Info.plist;
				IPHONEOS_DEPLOYMENT_TARGET = 5.0;
				LD_NO_PIE = YES;
				LIBRARY_SEARCH_PATHS = (
					"$(PROJECT_DIR)/NendAd",
					"$(PROJECT_DIR)/appc_cloud_ios_xcode_6",
				);
				PROVISIONING_PROFILE = "";
				SDKROOT = iphoneos;
				TARGETED_DEVICE_FAMILY = 1;
				USER_HEADER_SEARCH_PATHS = "";
				VALID_ARCHS = "armv7 armv7s";
			};
			name = Release;
		};
		5087E76D17EB910900C73F5D /* Debug */ = {
			isa = XCBuildConfiguration;
			buildSettings = {
				ALWAYS_SEARCH_USER_PATHS = YES;
				CLANG_CXX_LANGUAGE_STANDARD = "c++0x";
				CLANG_CXX_LIBRARY = "libc++";
				COMBINE_HIDPI_IMAGES = YES;
				GCC_DYNAMIC_NO_PIC = NO;
				GCC_INLINES_ARE_PRIVATE_EXTERN = NO;
				GCC_PRECOMPILE_PREFIX_HEADER = YES;
				GCC_PREFIX_HEADER = mac/Prefix.pch;
				GCC_PREPROCESSOR_DEFINITIONS = (
					USE_FILE32API,
					CC_TARGET_OS_MAC,
					"COCOS2D_DEBUG=1",
					"CC_ENABLE_CHIPMUNK_INTEGRATION=1",
				);
				GCC_SYMBOLS_PRIVATE_EXTERN = NO;
				HEADER_SEARCH_PATHS = (
					"$(inherited)",
					"$(SRCROOT)/../cocos2d/cocos/platform/mac",
					"$(SRCROOT)/../cocos2d/external/glfw3/include/mac",
				);
				INFOPLIST_FILE = mac/Info.plist;
				LIBRARY_SEARCH_PATHS = "";
				USER_HEADER_SEARCH_PATHS = "";
			};
			name = Debug;
		};
		5087E76E17EB910900C73F5D /* Release */ = {
			isa = XCBuildConfiguration;
			buildSettings = {
				ALWAYS_SEARCH_USER_PATHS = YES;
				CLANG_CXX_LANGUAGE_STANDARD = "c++0x";
				CLANG_CXX_LIBRARY = "libc++";
				COMBINE_HIDPI_IMAGES = YES;
				GCC_INLINES_ARE_PRIVATE_EXTERN = NO;
				GCC_PRECOMPILE_PREFIX_HEADER = YES;
				GCC_PREFIX_HEADER = mac/Prefix.pch;
				GCC_PREPROCESSOR_DEFINITIONS = (
					USE_FILE32API,
					CC_TARGET_OS_MAC,
					"CC_ENABLE_CHIPMUNK_INTEGRATION=1",
				);
				GCC_SYMBOLS_PRIVATE_EXTERN = NO;
				HEADER_SEARCH_PATHS = (
					"$(inherited)",
					"$(SRCROOT)/../cocos2d/cocos/platform/mac",
					"$(SRCROOT)/../cocos2d/external/glfw3/include/mac",
				);
				INFOPLIST_FILE = mac/Info.plist;
				LIBRARY_SEARCH_PATHS = "";
				USER_HEADER_SEARCH_PATHS = "";
			};
			name = Release;
		};
		C01FCF4F08A954540054247B /* Debug */ = {
			isa = XCBuildConfiguration;
			buildSettings = {
				CLANG_CXX_LANGUAGE_STANDARD = "c++0x";
				CLANG_CXX_LIBRARY = "libc++";
				COPY_PHASE_STRIP = NO;
				GCC_OPTIMIZATION_LEVEL = 0;
				GCC_WARN_ABOUT_RETURN_TYPE = YES;
				GCC_WARN_UNUSED_VARIABLE = YES;
				HEADER_SEARCH_PATHS = (
					"$(SRCROOT)/../cocos2d",
					"$(SRCROOT)/../cocos2d/cocos",
					"$(SRCROOT)/../cocos2d/cocos/base",
					"$(SRCROOT)/../cocos2d/cocos/physics",
					"$(SRCROOT)/../cocos2d/cocos/math",
					"$(SRCROOT)/../cocos2d/cocos/2d",
					"$(SRCROOT)/../cocos2d/cocos/ui",
					"$(SRCROOT)/../cocos2d/cocos/network",
					"$(SRCROOT)/../cocos2d/cocos/audio/include",
					"$(SRCROOT)/../cocos2d/cocos/editor-support",
					"$(SRCROOT)/../cocos2d/extensions",
					"$(SRCROOT)/../cocos2d/external",
					"$(SRCROOT)/../cocos2d/external/chipmunk/include/chipmunk",
				);
				MACOSX_DEPLOYMENT_TARGET = 10.7;
				ONLY_ACTIVE_ARCH = YES;
				PRODUCT_NAME = "$(TARGET_NAME)";
				PROVISIONING_PROFILE = "416a5380-e58c-4f4c-9f80-d5c945000ee4";
				SDKROOT = macosx;
			};
			name = Debug;
		};
		C01FCF5008A954540054247B /* Release */ = {
			isa = XCBuildConfiguration;
			buildSettings = {
				CLANG_CXX_LANGUAGE_STANDARD = "c++0x";
				CLANG_CXX_LIBRARY = "libc++";
				GCC_WARN_ABOUT_RETURN_TYPE = YES;
				GCC_WARN_UNUSED_VARIABLE = YES;
				HEADER_SEARCH_PATHS = (
					"$(SRCROOT)/../cocos2d",
					"$(SRCROOT)/../cocos2d/cocos",
					"$(SRCROOT)/../cocos2d/cocos/base",
					"$(SRCROOT)/../cocos2d/cocos/physics",
					"$(SRCROOT)/../cocos2d/cocos/math",
					"$(SRCROOT)/../cocos2d/cocos/2d",
					"$(SRCROOT)/../cocos2d/cocos/ui",
					"$(SRCROOT)/../cocos2d/cocos/network",
					"$(SRCROOT)/../cocos2d/cocos/audio/include",
					"$(SRCROOT)/../cocos2d/cocos/editor-support",
					"$(SRCROOT)/../cocos2d/extensions",
					"$(SRCROOT)/../cocos2d/external",
					"$(SRCROOT)/../cocos2d/external/chipmunk/include/chipmunk",
				);
				MACOSX_DEPLOYMENT_TARGET = 10.7;
				OTHER_CFLAGS = "-DNS_BLOCK_ASSERTIONS=1";
				PRODUCT_NAME = "$(TARGET_NAME)";
				PROVISIONING_PROFILE = "416a5380-e58c-4f4c-9f80-d5c945000ee4";
				SDKROOT = macosx;
				VALIDATE_PRODUCT = YES;
			};
			name = Release;
		};
/* End XCBuildConfiguration section */

/* Begin XCConfigurationList section */
		1D6058960D05DD3E006BFB54 /* Build configuration list for PBXNativeTarget "Shelling iOS" */ = {
			isa = XCConfigurationList;
			buildConfigurations = (
				1D6058940D05DD3E006BFB54 /* Debug */,
				1D6058950D05DD3E006BFB54 /* Release */,
			);
			defaultConfigurationIsVisible = 0;
			defaultConfigurationName = Debug;
		};
		5087E76C17EB910900C73F5D /* Build configuration list for PBXNativeTarget "Shelling Mac" */ = {
			isa = XCConfigurationList;
			buildConfigurations = (
				5087E76D17EB910900C73F5D /* Debug */,
				5087E76E17EB910900C73F5D /* Release */,
			);
			defaultConfigurationIsVisible = 0;
			defaultConfigurationName = Debug;
		};
		C01FCF4E08A954540054247B /* Build configuration list for PBXProject "Shelling" */ = {
			isa = XCConfigurationList;
			buildConfigurations = (
				C01FCF4F08A954540054247B /* Debug */,
				C01FCF5008A954540054247B /* Release */,
			);
			defaultConfigurationIsVisible = 0;
			defaultConfigurationName = Debug;
		};
/* End XCConfigurationList section */
	};
	rootObject = 29B97313FDCFA39411CA2CEA /* Project object */;
}
